// !$*UTF8*$!
{
	archiveVersion = 1;
	classes = {
	};
	objectVersion = 46;
	objects = {

/* Begin PBXBuildFile section */
		D5054EF019A15FD9008477D9 /* 160.gif in Resources */ = {isa = PBXBuildFile; fileRef = D5054EEF19A15FD9008477D9 /* 160.gif */; };
		D54F790419AEE1A6000C2AAE /* TLFUserStore.m in Sources */ = {isa = PBXBuildFile; fileRef = D54F790319AEE1A6000C2AAE /* TLFUserStore.m */; };
		D54F790B19AFB906000C2AAE /* TLFUserDetailViewController.m in Sources */ = {isa = PBXBuildFile; fileRef = D54F790919AFB906000C2AAE /* TLFUserDetailViewController.m */; };
		D54F790C19AFB906000C2AAE /* TLFUserDetailViewController.xib in Resources */ = {isa = PBXBuildFile; fileRef = D54F790A19AFB906000C2AAE /* TLFUserDetailViewController.xib */; };
		D5AE02FE19B00B8D00F31F04 /* userImageBig.png in Resources */ = {isa = PBXBuildFile; fileRef = D5AE02FD19B00B8D00F31F04 /* userImageBig.png */; };
		D5AE030019B00D2800F31F04 /* smallImg50.png in Resources */ = {isa = PBXBuildFile; fileRef = D5AE02FF19B00D2800F31F04 /* smallImg50.png */; };
		D5AE030619B0144B00F31F04 /* TLFButton.m in Sources */ = {isa = PBXBuildFile; fileRef = D5AE030519B0144B00F31F04 /* TLFButton.m */; };
		D5B50DD2199D2C1100A486B0 /* Foundation.framework in Frameworks */ = {isa = PBXBuildFile; fileRef = D5B50DD1199D2C1100A486B0 /* Foundation.framework */; };
		D5B50DD4199D2C1100A486B0 /* CoreGraphics.framework in Frameworks */ = {isa = PBXBuildFile; fileRef = D5B50DD3199D2C1100A486B0 /* CoreGraphics.framework */; };
		D5B50DD6199D2C1100A486B0 /* UIKit.framework in Frameworks */ = {isa = PBXBuildFile; fileRef = D5B50DD5199D2C1100A486B0 /* UIKit.framework */; };
		D5B50DDC199D2C1100A486B0 /* InfoPlist.strings in Resources */ = {isa = PBXBuildFile; fileRef = D5B50DDA199D2C1100A486B0 /* InfoPlist.strings */; };
		D5B50DDE199D2C1100A486B0 /* main.m in Sources */ = {isa = PBXBuildFile; fileRef = D5B50DDD199D2C1100A486B0 /* main.m */; };
		D5B50DE2199D2C1100A486B0 /* TLFAppDelegate.m in Sources */ = {isa = PBXBuildFile; fileRef = D5B50DE1199D2C1100A486B0 /* TLFAppDelegate.m */; };
		D5B50DE4199D2C1100A486B0 /* Images.xcassets in Resources */ = {isa = PBXBuildFile; fileRef = D5B50DE3199D2C1100A486B0 /* Images.xcassets */; };
		D5B50DEB199D2C1100A486B0 /* XCTest.framework in Frameworks */ = {isa = PBXBuildFile; fileRef = D5B50DEA199D2C1100A486B0 /* XCTest.framework */; };
		D5B50DEC199D2C1100A486B0 /* Foundation.framework in Frameworks */ = {isa = PBXBuildFile; fileRef = D5B50DD1199D2C1100A486B0 /* Foundation.framework */; };
		D5B50DED199D2C1100A486B0 /* UIKit.framework in Frameworks */ = {isa = PBXBuildFile; fileRef = D5B50DD5199D2C1100A486B0 /* UIKit.framework */; };
		D5B50DF5199D2C1100A486B0 /* InfoPlist.strings in Resources */ = {isa = PBXBuildFile; fileRef = D5B50DF3199D2C1100A486B0 /* InfoPlist.strings */; };
		D5B50DF7199D2C1100A486B0 /* TalifloTests.m in Sources */ = {isa = PBXBuildFile; fileRef = D5B50DF6199D2C1100A486B0 /* TalifloTests.m */; };
		D5B50E06199D353000A486B0 /* TLFColor.m in Sources */ = {isa = PBXBuildFile; fileRef = D5B50E05199D353000A486B0 /* TLFColor.m */; };
		D5B50E2B199D3CEB00A486B0 /* TLFNavBarHelper.m in Sources */ = {isa = PBXBuildFile; fileRef = D5B50E2A199D3CEB00A486B0 /* TLFNavBarHelper.m */; };
		D5D333F119ABD5E900925EBF /* TLFMyAccountViewController.m in Sources */ = {isa = PBXBuildFile; fileRef = D5D333EF19ABD5E900925EBF /* TLFMyAccountViewController.m */; };
		D5D333F219ABD5E900925EBF /* TLFMyAccountViewController.xib in Resources */ = {isa = PBXBuildFile; fileRef = D5D333F019ABD5E900925EBF /* TLFMyAccountViewController.xib */; };
		D5D333F519ABD63500925EBF /* TLFCausesViewController.m in Sources */ = {isa = PBXBuildFile; fileRef = D5D333F419ABD63500925EBF /* TLFCausesViewController.m */; };
		D5D333F819ABD64300925EBF /* TLFBusinessesViewController.m in Sources */ = {isa = PBXBuildFile; fileRef = D5D333F719ABD64300925EBF /* TLFBusinessesViewController.m */; };
		D5D3341119ABE7DC00925EBF /* MyAccount.png in Resources */ = {isa = PBXBuildFile; fileRef = D5D3341019ABE7DC00925EBF /* MyAccount.png */; };
		D5D3341519ABE88400925EBF /* Causes.png in Resources */ = {isa = PBXBuildFile; fileRef = D5D3341419ABE88400925EBF /* Causes.png */; };
		D5D3341919ABE93200925EBF /* Businesses.png in Resources */ = {isa = PBXBuildFile; fileRef = D5D3341819ABE93200925EBF /* Businesses.png */; };
		D5D3341B19ABE98300925EBF /* Businesses@2x.png in Resources */ = {isa = PBXBuildFile; fileRef = D5D3341A19ABE98300925EBF /* Businesses@2x.png */; };
		D5D3341D19ABE9B900925EBF /* Causes@2x.png in Resources */ = {isa = PBXBuildFile; fileRef = D5D3341C19ABE9B900925EBF /* Causes@2x.png */; };
		D5D3341F19ABE9D700925EBF /* MyAccount@2x.png in Resources */ = {isa = PBXBuildFile; fileRef = D5D3341E19ABE9D700925EBF /* MyAccount@2x.png */; };
		D5D3342519AD11FA00925EBF /* TLFUser.m in Sources */ = {isa = PBXBuildFile; fileRef = D5D3342419AD11FA00925EBF /* TLFUser.m */; };
		D5D3342819AD198200925EBF /* TLFTransaction.m in Sources */ = {isa = PBXBuildFile; fileRef = D5D3342719AD198200925EBF /* TLFTransaction.m */; };
		D5D3342A19AD44E800925EBF /* 160.gif in Resources */ = {isa = PBXBuildFile; fileRef = D5D3342919AD44E800925EBF /* 160.gif */; };
		D5D3342E19AD64C500925EBF /* TLFUserCell.m in Sources */ = {isa = PBXBuildFile; fileRef = D5D3342C19AD64C500925EBF /* TLFUserCell.m */; };
		D5D3342F19AD64C500925EBF /* TLFUserCell.xib in Resources */ = {isa = PBXBuildFile; fileRef = D5D3342D19AD64C500925EBF /* TLFUserCell.xib */; };
		D5D3346119AE4A3300925EBF /* TLFCauseStore.m in Sources */ = {isa = PBXBuildFile; fileRef = D5D3346019AE4A3300925EBF /* TLFCauseStore.m */; };
		D5D3346419AE4A4D00925EBF /* TLFBusinessStore.m in Sources */ = {isa = PBXBuildFile; fileRef = D5D3346319AE4A4D00925EBF /* TLFBusinessStore.m */; };
		D5D3346B19AEB7D100925EBF /* TLFTransactionCell.m in Sources */ = {isa = PBXBuildFile; fileRef = D5D3346919AEB7D100925EBF /* TLFTransactionCell.m */; };
		D5D3346C19AEB7D100925EBF /* TLFTransactionCell.xib in Resources */ = {isa = PBXBuildFile; fileRef = D5D3346A19AEB7D100925EBF /* TLFTransactionCell.xib */; };
		D5D3346F19AEBD3100925EBF /* TLFRestHelper.m in Sources */ = {isa = PBXBuildFile; fileRef = D5D3346E19AEBD3100925EBF /* TLFRestHelper.m */; };
		EE03657EB73449F9A3445768 /* libPods.a in Frameworks */ = {isa = PBXBuildFile; fileRef = 2384896295554975B373109D /* libPods.a */; };
/* End PBXBuildFile section */

/* Begin PBXContainerItemProxy section */
		D5B50DEE199D2C1100A486B0 /* PBXContainerItemProxy */ = {
			isa = PBXContainerItemProxy;
			containerPortal = D5B50DC6199D2C1000A486B0 /* Project object */;
			proxyType = 1;
			remoteGlobalIDString = D5B50DCD199D2C1100A486B0;
			remoteInfo = Taliflo;
		};
/* End PBXContainerItemProxy section */

/* Begin PBXFileReference section */
		2384896295554975B373109D /* libPods.a */ = {isa = PBXFileReference; explicitFileType = archive.ar; includeInIndex = 0; path = libPods.a; sourceTree = BUILT_PRODUCTS_DIR; };
		94B030FF31954DD88A413E6A /* Pods.xcconfig */ = {isa = PBXFileReference; includeInIndex = 1; lastKnownFileType = text.xcconfig; name = Pods.xcconfig; path = Pods/Pods.xcconfig; sourceTree = "<group>"; };
		D5054EEF19A15FD9008477D9 /* 160.gif */ = {isa = PBXFileReference; lastKnownFileType = image.gif; name = 160.gif; path = ../../../../../TalifloAssets/assets/160.gif; sourceTree = "<group>"; };
		D54F790219AEE1A6000C2AAE /* TLFUserStore.h */ = {isa = PBXFileReference; fileEncoding = 4; lastKnownFileType = sourcecode.c.h; path = TLFUserStore.h; sourceTree = "<group>"; };
		D54F790319AEE1A6000C2AAE /* TLFUserStore.m */ = {isa = PBXFileReference; fileEncoding = 4; lastKnownFileType = sourcecode.c.objc; path = TLFUserStore.m; sourceTree = "<group>"; };
		D54F790819AFB906000C2AAE /* TLFUserDetailViewController.h */ = {isa = PBXFileReference; fileEncoding = 4; lastKnownFileType = sourcecode.c.h; path = TLFUserDetailViewController.h; sourceTree = "<group>"; };
		D54F790919AFB906000C2AAE /* TLFUserDetailViewController.m */ = {isa = PBXFileReference; fileEncoding = 4; lastKnownFileType = sourcecode.c.objc; path = TLFUserDetailViewController.m; sourceTree = "<group>"; };
		D54F790A19AFB906000C2AAE /* TLFUserDetailViewController.xib */ = {isa = PBXFileReference; fileEncoding = 4; lastKnownFileType = file.xib; path = TLFUserDetailViewController.xib; sourceTree = "<group>"; };
		D5AE02FD19B00B8D00F31F04 /* userImageBig.png */ = {isa = PBXFileReference; lastKnownFileType = image.png; path = userImageBig.png; sourceTree = "<group>"; };
		D5AE02FF19B00D2800F31F04 /* smallImg50.png */ = {isa = PBXFileReference; lastKnownFileType = image.png; path = smallImg50.png; sourceTree = "<group>"; };
		D5AE030419B0144B00F31F04 /* TLFButton.h */ = {isa = PBXFileReference; fileEncoding = 4; lastKnownFileType = sourcecode.c.h; path = TLFButton.h; sourceTree = "<group>"; };
		D5AE030519B0144B00F31F04 /* TLFButton.m */ = {isa = PBXFileReference; fileEncoding = 4; lastKnownFileType = sourcecode.c.objc; path = TLFButton.m; sourceTree = "<group>"; };
		D5B50DCE199D2C1100A486B0 /* Taliflo.app */ = {isa = PBXFileReference; explicitFileType = wrapper.application; includeInIndex = 0; path = Taliflo.app; sourceTree = BUILT_PRODUCTS_DIR; };
		D5B50DD1199D2C1100A486B0 /* Foundation.framework */ = {isa = PBXFileReference; lastKnownFileType = wrapper.framework; name = Foundation.framework; path = System/Library/Frameworks/Foundation.framework; sourceTree = SDKROOT; };
		D5B50DD3199D2C1100A486B0 /* CoreGraphics.framework */ = {isa = PBXFileReference; lastKnownFileType = wrapper.framework; name = CoreGraphics.framework; path = System/Library/Frameworks/CoreGraphics.framework; sourceTree = SDKROOT; };
		D5B50DD5199D2C1100A486B0 /* UIKit.framework */ = {isa = PBXFileReference; lastKnownFileType = wrapper.framework; name = UIKit.framework; path = System/Library/Frameworks/UIKit.framework; sourceTree = SDKROOT; };
		D5B50DD9199D2C1100A486B0 /* Taliflo-Info.plist */ = {isa = PBXFileReference; lastKnownFileType = text.plist.xml; path = "Taliflo-Info.plist"; sourceTree = "<group>"; };
		D5B50DDB199D2C1100A486B0 /* en */ = {isa = PBXFileReference; lastKnownFileType = text.plist.strings; name = en; path = en.lproj/InfoPlist.strings; sourceTree = "<group>"; };
		D5B50DDD199D2C1100A486B0 /* main.m */ = {isa = PBXFileReference; lastKnownFileType = sourcecode.c.objc; path = main.m; sourceTree = "<group>"; };
		D5B50DDF199D2C1100A486B0 /* Taliflo-Prefix.pch */ = {isa = PBXFileReference; lastKnownFileType = sourcecode.c.h; path = "Taliflo-Prefix.pch"; sourceTree = "<group>"; };
		D5B50DE0199D2C1100A486B0 /* TLFAppDelegate.h */ = {isa = PBXFileReference; lastKnownFileType = sourcecode.c.h; path = TLFAppDelegate.h; sourceTree = "<group>"; };
		D5B50DE1199D2C1100A486B0 /* TLFAppDelegate.m */ = {isa = PBXFileReference; lastKnownFileType = sourcecode.c.objc; path = TLFAppDelegate.m; sourceTree = "<group>"; };
		D5B50DE3199D2C1100A486B0 /* Images.xcassets */ = {isa = PBXFileReference; lastKnownFileType = folder.assetcatalog; path = Images.xcassets; sourceTree = "<group>"; };
		D5B50DE9199D2C1100A486B0 /* TalifloTests.xctest */ = {isa = PBXFileReference; explicitFileType = wrapper.cfbundle; includeInIndex = 0; path = TalifloTests.xctest; sourceTree = BUILT_PRODUCTS_DIR; };
		D5B50DEA199D2C1100A486B0 /* XCTest.framework */ = {isa = PBXFileReference; lastKnownFileType = wrapper.framework; name = XCTest.framework; path = Library/Frameworks/XCTest.framework; sourceTree = DEVELOPER_DIR; };
		D5B50DF2199D2C1100A486B0 /* TalifloTests-Info.plist */ = {isa = PBXFileReference; lastKnownFileType = text.plist.xml; path = "TalifloTests-Info.plist"; sourceTree = "<group>"; };
		D5B50DF4199D2C1100A486B0 /* en */ = {isa = PBXFileReference; lastKnownFileType = text.plist.strings; name = en; path = en.lproj/InfoPlist.strings; sourceTree = "<group>"; };
		D5B50DF6199D2C1100A486B0 /* TalifloTests.m */ = {isa = PBXFileReference; lastKnownFileType = sourcecode.c.objc; path = TalifloTests.m; sourceTree = "<group>"; };
		D5B50E04199D353000A486B0 /* TLFColor.h */ = {isa = PBXFileReference; fileEncoding = 4; lastKnownFileType = sourcecode.c.h; path = TLFColor.h; sourceTree = "<group>"; };
		D5B50E05199D353000A486B0 /* TLFColor.m */ = {isa = PBXFileReference; fileEncoding = 4; lastKnownFileType = sourcecode.c.objc; path = TLFColor.m; sourceTree = "<group>"; };
		D5B50E29199D3CEB00A486B0 /* TLFNavBarHelper.h */ = {isa = PBXFileReference; fileEncoding = 4; lastKnownFileType = sourcecode.c.h; path = TLFNavBarHelper.h; sourceTree = "<group>"; };
		D5B50E2A199D3CEB00A486B0 /* TLFNavBarHelper.m */ = {isa = PBXFileReference; fileEncoding = 4; lastKnownFileType = sourcecode.c.objc; path = TLFNavBarHelper.m; sourceTree = "<group>"; };
		D5D333EE19ABD5E900925EBF /* TLFMyAccountViewController.h */ = {isa = PBXFileReference; fileEncoding = 4; lastKnownFileType = sourcecode.c.h; path = TLFMyAccountViewController.h; sourceTree = "<group>"; };
		D5D333EF19ABD5E900925EBF /* TLFMyAccountViewController.m */ = {isa = PBXFileReference; fileEncoding = 4; lastKnownFileType = sourcecode.c.objc; path = TLFMyAccountViewController.m; sourceTree = "<group>"; };
		D5D333F019ABD5E900925EBF /* TLFMyAccountViewController.xib */ = {isa = PBXFileReference; fileEncoding = 4; lastKnownFileType = file.xib; path = TLFMyAccountViewController.xib; sourceTree = "<group>"; };
		D5D333F319ABD63500925EBF /* TLFCausesViewController.h */ = {isa = PBXFileReference; fileEncoding = 4; lastKnownFileType = sourcecode.c.h; path = TLFCausesViewController.h; sourceTree = "<group>"; };
		D5D333F419ABD63500925EBF /* TLFCausesViewController.m */ = {isa = PBXFileReference; fileEncoding = 4; lastKnownFileType = sourcecode.c.objc; path = TLFCausesViewController.m; sourceTree = "<group>"; };
		D5D333F619ABD64300925EBF /* TLFBusinessesViewController.h */ = {isa = PBXFileReference; fileEncoding = 4; lastKnownFileType = sourcecode.c.h; path = TLFBusinessesViewController.h; sourceTree = "<group>"; };
		D5D333F719ABD64300925EBF /* TLFBusinessesViewController.m */ = {isa = PBXFileReference; fileEncoding = 4; lastKnownFileType = sourcecode.c.objc; path = TLFBusinessesViewController.m; sourceTree = "<group>"; };
		D5D3341019ABE7DC00925EBF /* MyAccount.png */ = {isa = PBXFileReference; lastKnownFileType = image.png; path = MyAccount.png; sourceTree = "<group>"; };
		D5D3341419ABE88400925EBF /* Causes.png */ = {isa = PBXFileReference; lastKnownFileType = image.png; path = Causes.png; sourceTree = "<group>"; };
		D5D3341819ABE93200925EBF /* Businesses.png */ = {isa = PBXFileReference; lastKnownFileType = image.png; path = Businesses.png; sourceTree = "<group>"; };
		D5D3341A19ABE98300925EBF /* Businesses@2x.png */ = {isa = PBXFileReference; lastKnownFileType = image.png; path = "Businesses@2x.png"; sourceTree = "<group>"; };
		D5D3341C19ABE9B900925EBF /* Causes@2x.png */ = {isa = PBXFileReference; lastKnownFileType = image.png; path = "Causes@2x.png"; sourceTree = "<group>"; };
		D5D3341E19ABE9D700925EBF /* MyAccount@2x.png */ = {isa = PBXFileReference; lastKnownFileType = image.png; path = "MyAccount@2x.png"; sourceTree = "<group>"; };
		D5D3342319AD11FA00925EBF /* TLFUser.h */ = {isa = PBXFileReference; fileEncoding = 4; lastKnownFileType = sourcecode.c.h; path = TLFUser.h; sourceTree = "<group>"; };
		D5D3342419AD11FA00925EBF /* TLFUser.m */ = {isa = PBXFileReference; fileEncoding = 4; lastKnownFileType = sourcecode.c.objc; path = TLFUser.m; sourceTree = "<group>"; };
		D5D3342619AD198200925EBF /* TLFTransaction.h */ = {isa = PBXFileReference; fileEncoding = 4; lastKnownFileType = sourcecode.c.h; path = TLFTransaction.h; sourceTree = "<group>"; };
		D5D3342719AD198200925EBF /* TLFTransaction.m */ = {isa = PBXFileReference; fileEncoding = 4; lastKnownFileType = sourcecode.c.objc; path = TLFTransaction.m; sourceTree = "<group>"; };
		D5D3342919AD44E800925EBF /* 160.gif */ = {isa = PBXFileReference; lastKnownFileType = image.gif; path = 160.gif; sourceTree = "<group>"; };
		D5D3342B19AD64C500925EBF /* TLFUserCell.h */ = {isa = PBXFileReference; fileEncoding = 4; lastKnownFileType = sourcecode.c.h; path = TLFUserCell.h; sourceTree = "<group>"; };
		D5D3342C19AD64C500925EBF /* TLFUserCell.m */ = {isa = PBXFileReference; fileEncoding = 4; lastKnownFileType = sourcecode.c.objc; path = TLFUserCell.m; sourceTree = "<group>"; };
		D5D3342D19AD64C500925EBF /* TLFUserCell.xib */ = {isa = PBXFileReference; fileEncoding = 4; lastKnownFileType = file.xib; path = TLFUserCell.xib; sourceTree = "<group>"; };
		D5D3345F19AE4A3300925EBF /* TLFCauseStore.h */ = {isa = PBXFileReference; fileEncoding = 4; lastKnownFileType = sourcecode.c.h; path = TLFCauseStore.h; sourceTree = "<group>"; };
		D5D3346019AE4A3300925EBF /* TLFCauseStore.m */ = {isa = PBXFileReference; fileEncoding = 4; lastKnownFileType = sourcecode.c.objc; path = TLFCauseStore.m; sourceTree = "<group>"; };
		D5D3346219AE4A4D00925EBF /* TLFBusinessStore.h */ = {isa = PBXFileReference; fileEncoding = 4; lastKnownFileType = sourcecode.c.h; path = TLFBusinessStore.h; sourceTree = "<group>"; };
		D5D3346319AE4A4D00925EBF /* TLFBusinessStore.m */ = {isa = PBXFileReference; fileEncoding = 4; lastKnownFileType = sourcecode.c.objc; path = TLFBusinessStore.m; sourceTree = "<group>"; };
		D5D3346819AEB7D100925EBF /* TLFTransactionCell.h */ = {isa = PBXFileReference; fileEncoding = 4; lastKnownFileType = sourcecode.c.h; path = TLFTransactionCell.h; sourceTree = "<group>"; };
		D5D3346919AEB7D100925EBF /* TLFTransactionCell.m */ = {isa = PBXFileReference; fileEncoding = 4; lastKnownFileType = sourcecode.c.objc; path = TLFTransactionCell.m; sourceTree = "<group>"; };
		D5D3346A19AEB7D100925EBF /* TLFTransactionCell.xib */ = {isa = PBXFileReference; fileEncoding = 4; lastKnownFileType = file.xib; path = TLFTransactionCell.xib; sourceTree = "<group>"; };
		D5D3346D19AEBD3100925EBF /* TLFRestHelper.h */ = {isa = PBXFileReference; fileEncoding = 4; lastKnownFileType = sourcecode.c.h; path = TLFRestHelper.h; sourceTree = "<group>"; };
		D5D3346E19AEBD3100925EBF /* TLFRestHelper.m */ = {isa = PBXFileReference; fileEncoding = 4; lastKnownFileType = sourcecode.c.objc; path = TLFRestHelper.m; sourceTree = "<group>"; };
/* End PBXFileReference section */

/* Begin PBXFrameworksBuildPhase section */
		D5B50DCB199D2C1100A486B0 /* Frameworks */ = {
			isa = PBXFrameworksBuildPhase;
			buildActionMask = 2147483647;
			files = (
				D5B50DD4199D2C1100A486B0 /* CoreGraphics.framework in Frameworks */,
				D5B50DD6199D2C1100A486B0 /* UIKit.framework in Frameworks */,
				D5B50DD2199D2C1100A486B0 /* Foundation.framework in Frameworks */,
				EE03657EB73449F9A3445768 /* libPods.a in Frameworks */,
			);
			runOnlyForDeploymentPostprocessing = 0;
		};
		D5B50DE6199D2C1100A486B0 /* Frameworks */ = {
			isa = PBXFrameworksBuildPhase;
			buildActionMask = 2147483647;
			files = (
				D5B50DEB199D2C1100A486B0 /* XCTest.framework in Frameworks */,
				D5B50DED199D2C1100A486B0 /* UIKit.framework in Frameworks */,
				D5B50DEC199D2C1100A486B0 /* Foundation.framework in Frameworks */,
			);
			runOnlyForDeploymentPostprocessing = 0;
		};
/* End PBXFrameworksBuildPhase section */

/* Begin PBXGroup section */
		D5B50DC5199D2C1000A486B0 = {
			isa = PBXGroup;
			children = (
				D5B50DD7199D2C1100A486B0 /* Taliflo */,
				D5B50DF0199D2C1100A486B0 /* TalifloTests */,
				D5B50DD0199D2C1100A486B0 /* Frameworks */,
				D5B50DCF199D2C1100A486B0 /* Products */,
				94B030FF31954DD88A413E6A /* Pods.xcconfig */,
			);
			sourceTree = "<group>";
		};
		D5B50DCF199D2C1100A486B0 /* Products */ = {
			isa = PBXGroup;
			children = (
				D5B50DCE199D2C1100A486B0 /* Taliflo.app */,
				D5B50DE9199D2C1100A486B0 /* TalifloTests.xctest */,
			);
			name = Products;
			sourceTree = "<group>";
		};
		D5B50DD0199D2C1100A486B0 /* Frameworks */ = {
			isa = PBXGroup;
			children = (
				D5B50DD1199D2C1100A486B0 /* Foundation.framework */,
				D5B50DD3199D2C1100A486B0 /* CoreGraphics.framework */,
				D5B50DD5199D2C1100A486B0 /* UIKit.framework */,
				D5B50DEA199D2C1100A486B0 /* XCTest.framework */,
				2384896295554975B373109D /* libPods.a */,
			);
			name = Frameworks;
			sourceTree = "<group>";
		};
		D5B50DD7199D2C1100A486B0 /* Taliflo */ = {
			isa = PBXGroup;
			children = (
				D5B50E59199D9A0B00A486B0 /* Rest */,
				D5B50E03199D2C7F00A486B0 /* Views */,
				D5B50E02199D2C7500A486B0 /* Controllers */,
				D5B50E01199D2C6C00A486B0 /* Utilities */,
				D5B50E00199D2C6400A486B0 /* Model */,
				D5B50DE0199D2C1100A486B0 /* TLFAppDelegate.h */,
				D5B50DE1199D2C1100A486B0 /* TLFAppDelegate.m */,
				D5B50DE3199D2C1100A486B0 /* Images.xcassets */,
				D5B50DD8199D2C1100A486B0 /* Supporting Files */,
			);
			path = Taliflo;
			sourceTree = "<group>";
		};
		D5B50DD8199D2C1100A486B0 /* Supporting Files */ = {
			isa = PBXGroup;
			children = (
				D5D3340B19ABE45400925EBF /* ImagesMisc */,
				D5D333FE19ABE2E700925EBF /* Images@2x */,
				D5D333FD19ABE2A300925EBF /* Images */,
				D5B50DD9199D2C1100A486B0 /* Taliflo-Info.plist */,
				D5B50DDA199D2C1100A486B0 /* InfoPlist.strings */,
				D5B50DDD199D2C1100A486B0 /* main.m */,
				D5B50DDF199D2C1100A486B0 /* Taliflo-Prefix.pch */,
			);
			name = "Supporting Files";
			sourceTree = "<group>";
		};
		D5B50DF0199D2C1100A486B0 /* TalifloTests */ = {
			isa = PBXGroup;
			children = (
				D5B50DF6199D2C1100A486B0 /* TalifloTests.m */,
				D5B50DF1199D2C1100A486B0 /* Supporting Files */,
			);
			path = TalifloTests;
			sourceTree = "<group>";
		};
		D5B50DF1199D2C1100A486B0 /* Supporting Files */ = {
			isa = PBXGroup;
			children = (
				D5B50DF2199D2C1100A486B0 /* TalifloTests-Info.plist */,
				D5B50DF3199D2C1100A486B0 /* InfoPlist.strings */,
			);
			name = "Supporting Files";
			sourceTree = "<group>";
		};
		D5B50E00199D2C6400A486B0 /* Model */ = {
			isa = PBXGroup;
			children = (
				D5D3342319AD11FA00925EBF /* TLFUser.h */,
				D5D3342419AD11FA00925EBF /* TLFUser.m */,
				D5D3342619AD198200925EBF /* TLFTransaction.h */,
				D5D3342719AD198200925EBF /* TLFTransaction.m */,
				D5D3345F19AE4A3300925EBF /* TLFCauseStore.h */,
				D5D3346019AE4A3300925EBF /* TLFCauseStore.m */,
				D5D3346219AE4A4D00925EBF /* TLFBusinessStore.h */,
				D5D3346319AE4A4D00925EBF /* TLFBusinessStore.m */,
				D54F790219AEE1A6000C2AAE /* TLFUserStore.h */,
				D54F790319AEE1A6000C2AAE /* TLFUserStore.m */,
			);
			name = Model;
			sourceTree = "<group>";
		};
		D5B50E01199D2C6C00A486B0 /* Utilities */ = {
			isa = PBXGroup;
			children = (
				D5B50E04199D353000A486B0 /* TLFColor.h */,
				D5B50E05199D353000A486B0 /* TLFColor.m */,
				D5B50E29199D3CEB00A486B0 /* TLFNavBarHelper.h */,
				D5B50E2A199D3CEB00A486B0 /* TLFNavBarHelper.m */,
				D5AE030419B0144B00F31F04 /* TLFButton.h */,
				D5AE030519B0144B00F31F04 /* TLFButton.m */,
			);
			name = Utilities;
			sourceTree = "<group>";
		};
		D5B50E02199D2C7500A486B0 /* Controllers */ = {
			isa = PBXGroup;
			children = (
				D5D333EE19ABD5E900925EBF /* TLFMyAccountViewController.h */,
				D5D333EF19ABD5E900925EBF /* TLFMyAccountViewController.m */,
				D5D333F319ABD63500925EBF /* TLFCausesViewController.h */,
				D5D333F419ABD63500925EBF /* TLFCausesViewController.m */,
				D5D333F619ABD64300925EBF /* TLFBusinessesViewController.h */,
				D5D333F719ABD64300925EBF /* TLFBusinessesViewController.m */,
				D54F790819AFB906000C2AAE /* TLFUserDetailViewController.h */,
				D54F790919AFB906000C2AAE /* TLFUserDetailViewController.m */,
			);
			name = Controllers;
			sourceTree = "<group>";
		};
		D5B50E03199D2C7F00A486B0 /* Views */ = {
			isa = PBXGroup;
			children = (
				D5D333F019ABD5E900925EBF /* TLFMyAccountViewController.xib */,
				D54F790A19AFB906000C2AAE /* TLFUserDetailViewController.xib */,
				D5D3342B19AD64C500925EBF /* TLFUserCell.h */,
				D5D3342C19AD64C500925EBF /* TLFUserCell.m */,
				D5D3342D19AD64C500925EBF /* TLFUserCell.xib */,
				D5D3346819AEB7D100925EBF /* TLFTransactionCell.h */,
				D5D3346919AEB7D100925EBF /* TLFTransactionCell.m */,
				D5D3346A19AEB7D100925EBF /* TLFTransactionCell.xib */,
			);
			name = Views;
			sourceTree = "<group>";
		};
		D5B50E59199D9A0B00A486B0 /* Rest */ = {
			isa = PBXGroup;
			children = (
				D5D3346D19AEBD3100925EBF /* TLFRestHelper.h */,
				D5D3346E19AEBD3100925EBF /* TLFRestHelper.m */,
			);
			name = Rest;
			sourceTree = "<group>";
		};
		D5D333FD19ABE2A300925EBF /* Images */ = {
			isa = PBXGroup;
			children = (
				D5D3342919AD44E800925EBF /* 160.gif */,
				D5D3341819ABE93200925EBF /* Businesses.png */,
				D5D3341419ABE88400925EBF /* Causes.png */,
				D5D3341019ABE7DC00925EBF /* MyAccount.png */,
			);
			name = Images;
			sourceTree = "<group>";
		};
		D5D333FE19ABE2E700925EBF /* Images@2x */ = {
			isa = PBXGroup;
			children = (
				D5D3341E19ABE9D700925EBF /* MyAccount@2x.png */,
				D5D3341C19ABE9B900925EBF /* Causes@2x.png */,
				D5D3341A19ABE98300925EBF /* Businesses@2x.png */,
			);
			name = "Images@2x";
			sourceTree = "<group>";
		};
		D5D3340B19ABE45400925EBF /* ImagesMisc */ = {
			isa = PBXGroup;
			children = (
				D5AE02FF19B00D2800F31F04 /* smallImg50.png */,
				D5AE02FD19B00B8D00F31F04 /* userImageBig.png */,
				D5054EEF19A15FD9008477D9 /* 160.gif */,
			);
			name = ImagesMisc;
			sourceTree = "<group>";
		};
/* End PBXGroup section */

/* Begin PBXNativeTarget section */
		D5B50DCD199D2C1100A486B0 /* Taliflo */ = {
			isa = PBXNativeTarget;
			buildConfigurationList = D5B50DFA199D2C1100A486B0 /* Build configuration list for PBXNativeTarget "Taliflo" */;
			buildPhases = (
				08E2E9725DFD4754B3FED73B /* Check Pods Manifest.lock */,
				D5B50DCA199D2C1100A486B0 /* Sources */,
				D5B50DCB199D2C1100A486B0 /* Frameworks */,
				D5B50DCC199D2C1100A486B0 /* Resources */,
				8F59EE28752046449CAE410F /* Copy Pods Resources */,
			);
			buildRules = (
			);
			dependencies = (
			);
			name = Taliflo;
			productName = Taliflo;
			productReference = D5B50DCE199D2C1100A486B0 /* Taliflo.app */;
			productType = "com.apple.product-type.application";
		};
		D5B50DE8199D2C1100A486B0 /* TalifloTests */ = {
			isa = PBXNativeTarget;
			buildConfigurationList = D5B50DFD199D2C1100A486B0 /* Build configuration list for PBXNativeTarget "TalifloTests" */;
			buildPhases = (
				D5B50DE5199D2C1100A486B0 /* Sources */,
				D5B50DE6199D2C1100A486B0 /* Frameworks */,
				D5B50DE7199D2C1100A486B0 /* Resources */,
			);
			buildRules = (
			);
			dependencies = (
				D5B50DEF199D2C1100A486B0 /* PBXTargetDependency */,
			);
			name = TalifloTests;
			productName = TalifloTests;
			productReference = D5B50DE9199D2C1100A486B0 /* TalifloTests.xctest */;
			productType = "com.apple.product-type.bundle.unit-test";
		};
/* End PBXNativeTarget section */

/* Begin PBXProject section */
		D5B50DC6199D2C1000A486B0 /* Project object */ = {
			isa = PBXProject;
			attributes = {
				CLASSPREFIX = TLF;
				LastUpgradeCheck = 0510;
				ORGANIZATIONNAME = "Taliflo Inc.";
				TargetAttributes = {
					D5B50DCD199D2C1100A486B0 = {
						DevelopmentTeam = 4H39J2TQND;
					};
					D5B50DE8199D2C1100A486B0 = {
						TestTargetID = D5B50DCD199D2C1100A486B0;
					};
				};
			};
			buildConfigurationList = D5B50DC9199D2C1000A486B0 /* Build configuration list for PBXProject "Taliflo" */;
			compatibilityVersion = "Xcode 3.2";
			developmentRegion = English;
			hasScannedForEncodings = 0;
			knownRegions = (
				en,
			);
			mainGroup = D5B50DC5199D2C1000A486B0;
			productRefGroup = D5B50DCF199D2C1100A486B0 /* Products */;
			projectDirPath = "";
			projectRoot = "";
			targets = (
				D5B50DCD199D2C1100A486B0 /* Taliflo */,
				D5B50DE8199D2C1100A486B0 /* TalifloTests */,
			);
		};
/* End PBXProject section */

/* Begin PBXResourcesBuildPhase section */
		D5B50DCC199D2C1100A486B0 /* Resources */ = {
			isa = PBXResourcesBuildPhase;
			buildActionMask = 2147483647;
			files = (
				D5D3341B19ABE98300925EBF /* Businesses@2x.png in Resources */,
				D5B50DDC199D2C1100A486B0 /* InfoPlist.strings in Resources */,
				D5D3341919ABE93200925EBF /* Businesses.png in Resources */,
				D5D3346C19AEB7D100925EBF /* TLFTransactionCell.xib in Resources */,
				D5D3342F19AD64C500925EBF /* TLFUserCell.xib in Resources */,
				D54F790C19AFB906000C2AAE /* TLFUserDetailViewController.xib in Resources */,
				D5D3341519ABE88400925EBF /* Causes.png in Resources */,
				D5D3342A19AD44E800925EBF /* 160.gif in Resources */,
				D5D333F219ABD5E900925EBF /* TLFMyAccountViewController.xib in Resources */,
				D5D3341119ABE7DC00925EBF /* MyAccount.png in Resources */,
				D5B50DE4199D2C1100A486B0 /* Images.xcassets in Resources */,
				D5D3341D19ABE9B900925EBF /* Causes@2x.png in Resources */,
				D5AE030019B00D2800F31F04 /* smallImg50.png in Resources */,
				D5AE02FE19B00B8D00F31F04 /* userImageBig.png in Resources */,
				D5054EF019A15FD9008477D9 /* 160.gif in Resources */,
				D5D3341F19ABE9D700925EBF /* MyAccount@2x.png in Resources */,
			);
			runOnlyForDeploymentPostprocessing = 0;
		};
		D5B50DE7199D2C1100A486B0 /* Resources */ = {
			isa = PBXResourcesBuildPhase;
			buildActionMask = 2147483647;
			files = (
				D5B50DF5199D2C1100A486B0 /* InfoPlist.strings in Resources */,
			);
			runOnlyForDeploymentPostprocessing = 0;
		};
/* End PBXResourcesBuildPhase section */

/* Begin PBXShellScriptBuildPhase section */
		08E2E9725DFD4754B3FED73B /* Check Pods Manifest.lock */ = {
			isa = PBXShellScriptBuildPhase;
			buildActionMask = 2147483647;
			files = (
			);
			inputPaths = (
			);
			name = "Check Pods Manifest.lock";
			outputPaths = (
			);
			runOnlyForDeploymentPostprocessing = 0;
			shellPath = /bin/sh;
			shellScript = "diff \"${PODS_ROOT}/../Podfile.lock\" \"${PODS_ROOT}/Manifest.lock\" > /dev/null\nif [[ $? != 0 ]] ; then\n    cat << EOM\nerror: The sandbox is not in sync with the Podfile.lock. Run 'pod install' or update your CocoaPods installation.\nEOM\n    exit 1\nfi\n";
			showEnvVarsInLog = 0;
		};
		8F59EE28752046449CAE410F /* Copy Pods Resources */ = {
			isa = PBXShellScriptBuildPhase;
			buildActionMask = 2147483647;
			files = (
			);
			inputPaths = (
			);
			name = "Copy Pods Resources";
			outputPaths = (
			);
			runOnlyForDeploymentPostprocessing = 0;
			shellPath = /bin/sh;
			shellScript = "\"${SRCROOT}/Pods/Pods-resources.sh\"\n";
			showEnvVarsInLog = 0;
		};
/* End PBXShellScriptBuildPhase section */

/* Begin PBXSourcesBuildPhase section */
		D5B50DCA199D2C1100A486B0 /* Sources */ = {
			isa = PBXSourcesBuildPhase;
			buildActionMask = 2147483647;
			files = (
				D5D3342519AD11FA00925EBF /* TLFUser.m in Sources */,
				D5AE030619B0144B00F31F04 /* TLFButton.m in Sources */,
				D5B50E06199D353000A486B0 /* TLFColor.m in Sources */,
				D5B50E2B199D3CEB00A486B0 /* TLFNavBarHelper.m in Sources */,
				D5D3342819AD198200925EBF /* TLFTransaction.m in Sources */,
				D5D3346419AE4A4D00925EBF /* TLFBusinessStore.m in Sources */,
				D5D333F819ABD64300925EBF /* TLFBusinessesViewController.m in Sources */,
				D5D333F119ABD5E900925EBF /* TLFMyAccountViewController.m in Sources */,
				D5B50DDE199D2C1100A486B0 /* main.m in Sources */,
				D5D3346119AE4A3300925EBF /* TLFCauseStore.m in Sources */,
				D54F790419AEE1A6000C2AAE /* TLFUserStore.m in Sources */,
				D5D333F519ABD63500925EBF /* TLFCausesViewController.m in Sources */,
				D5D3342E19AD64C500925EBF /* TLFUserCell.m in Sources */,
				D5D3346F19AEBD3100925EBF /* TLFRestHelper.m in Sources */,
				D5D3346B19AEB7D100925EBF /* TLFTransactionCell.m in Sources */,
				D5B50DE2199D2C1100A486B0 /* TLFAppDelegate.m in Sources */,
				D54F790B19AFB906000C2AAE /* TLFUserDetailViewController.m in Sources */,
			);
			runOnlyForDeploymentPostprocessing = 0;
		};
		D5B50DE5199D2C1100A486B0 /* Sources */ = {
			isa = PBXSourcesBuildPhase;
			buildActionMask = 2147483647;
			files = (
				D5B50DF7199D2C1100A486B0 /* TalifloTests.m in Sources */,
			);
			runOnlyForDeploymentPostprocessing = 0;
		};
/* End PBXSourcesBuildPhase section */

/* Begin PBXTargetDependency section */
		D5B50DEF199D2C1100A486B0 /* PBXTargetDependency */ = {
			isa = PBXTargetDependency;
			target = D5B50DCD199D2C1100A486B0 /* Taliflo */;
			targetProxy = D5B50DEE199D2C1100A486B0 /* PBXContainerItemProxy */;
		};
/* End PBXTargetDependency section */

/* Begin PBXVariantGroup section */
		D5B50DDA199D2C1100A486B0 /* InfoPlist.strings */ = {
			isa = PBXVariantGroup;
			children = (
				D5B50DDB199D2C1100A486B0 /* en */,
			);
			name = InfoPlist.strings;
			sourceTree = "<group>";
		};
		D5B50DF3199D2C1100A486B0 /* InfoPlist.strings */ = {
			isa = PBXVariantGroup;
			children = (
				D5B50DF4199D2C1100A486B0 /* en */,
			);
			name = InfoPlist.strings;
			sourceTree = "<group>";
		};
/* End PBXVariantGroup section */

/* Begin XCBuildConfiguration section */
		D5B50DF8199D2C1100A486B0 /* Debug */ = {
			isa = XCBuildConfiguration;
			buildSettings = {
				ALWAYS_SEARCH_USER_PATHS = NO;
				CLANG_CXX_LANGUAGE_STANDARD = "gnu++0x";
				CLANG_CXX_LIBRARY = "libc++";
				CLANG_ENABLE_MODULES = YES;
				CLANG_ENABLE_OBJC_ARC = YES;
				CLANG_WARN_BOOL_CONVERSION = YES;
				CLANG_WARN_CONSTANT_CONVERSION = YES;
				CLANG_WARN_DIRECT_OBJC_ISA_USAGE = YES_ERROR;
				CLANG_WARN_EMPTY_BODY = YES;
				CLANG_WARN_ENUM_CONVERSION = YES;
				CLANG_WARN_INT_CONVERSION = YES;
				CLANG_WARN_OBJC_ROOT_CLASS = YES_ERROR;
				CLANG_WARN__DUPLICATE_METHOD_MATCH = YES;
				"CODE_SIGN_IDENTITY[sdk=iphoneos*]" = "iPhone Developer";
				COPY_PHASE_STRIP = NO;
				GCC_C_LANGUAGE_STANDARD = gnu99;
				GCC_DYNAMIC_NO_PIC = NO;
				GCC_OPTIMIZATION_LEVEL = 0;
				GCC_PREPROCESSOR_DEFINITIONS = (
					"DEBUG=1",
					"$(inherited)",
				);
				GCC_SYMBOLS_PRIVATE_EXTERN = NO;
				GCC_WARN_64_TO_32_BIT_CONVERSION = YES;
				GCC_WARN_ABOUT_RETURN_TYPE = YES_ERROR;
				GCC_WARN_UNDECLARED_SELECTOR = YES;
				GCC_WARN_UNINITIALIZED_AUTOS = YES_AGGRESSIVE;
				GCC_WARN_UNUSED_FUNCTION = YES;
				GCC_WARN_UNUSED_VARIABLE = YES;
				IPHONEOS_DEPLOYMENT_TARGET = 7.1;
				ONLY_ACTIVE_ARCH = YES;
				SDKROOT = iphoneos;
			};
			name = Debug;
		};
		D5B50DF9199D2C1100A486B0 /* Release */ = {
			isa = XCBuildConfiguration;
			buildSettings = {
				ALWAYS_SEARCH_USER_PATHS = NO;
				CLANG_CXX_LANGUAGE_STANDARD = "gnu++0x";
				CLANG_CXX_LIBRARY = "libc++";
				CLANG_ENABLE_MODULES = YES;
				CLANG_ENABLE_OBJC_ARC = YES;
				CLANG_WARN_BOOL_CONVERSION = YES;
				CLANG_WARN_CONSTANT_CONVERSION = YES;
				CLANG_WARN_DIRECT_OBJC_ISA_USAGE = YES_ERROR;
				CLANG_WARN_EMPTY_BODY = YES;
				CLANG_WARN_ENUM_CONVERSION = YES;
				CLANG_WARN_INT_CONVERSION = YES;
				CLANG_WARN_OBJC_ROOT_CLASS = YES_ERROR;
				CLANG_WARN__DUPLICATE_METHOD_MATCH = YES;
				"CODE_SIGN_IDENTITY[sdk=iphoneos*]" = "iPhone Developer";
				COPY_PHASE_STRIP = YES;
				ENABLE_NS_ASSERTIONS = NO;
				GCC_C_LANGUAGE_STANDARD = gnu99;
				GCC_WARN_64_TO_32_BIT_CONVERSION = YES;
				GCC_WARN_ABOUT_RETURN_TYPE = YES_ERROR;
				GCC_WARN_UNDECLARED_SELECTOR = YES;
				GCC_WARN_UNINITIALIZED_AUTOS = YES_AGGRESSIVE;
				GCC_WARN_UNUSED_FUNCTION = YES;
				GCC_WARN_UNUSED_VARIABLE = YES;
				IPHONEOS_DEPLOYMENT_TARGET = 7.1;
				SDKROOT = iphoneos;
				VALIDATE_PRODUCT = YES;
			};
			name = Release;
		};
		D5B50DFB199D2C1100A486B0 /* Debug */ = {
			isa = XCBuildConfiguration;
			baseConfigurationReference = 94B030FF31954DD88A413E6A /* Pods.xcconfig */;
			buildSettings = {
				ASSETCATALOG_COMPILER_APPICON_NAME = AppIcon;
				ASSETCATALOG_COMPILER_LAUNCHIMAGE_NAME = LaunchImage;
				CODE_SIGN_IDENTITY = "iPhone Developer";
				GCC_PRECOMPILE_PREFIX_HEADER = YES;
				GCC_PREFIX_HEADER = "Taliflo/Taliflo-Prefix.pch";
				INFOPLIST_FILE = "Taliflo/Taliflo-Info.plist";
				PRODUCT_NAME = "$(TARGET_NAME)";
				WRAPPER_EXTENSION = app;
			};
			name = Debug;
		};
		D5B50DFC199D2C1100A486B0 /* Release */ = {
			isa = XCBuildConfiguration;
			baseConfigurationReference = 94B030FF31954DD88A413E6A /* Pods.xcconfig */;
			buildSettings = {
				ASSETCATALOG_COMPILER_APPICON_NAME = AppIcon;
				ASSETCATALOG_COMPILER_LAUNCHIMAGE_NAME = LaunchImage;
				CODE_SIGN_IDENTITY = "iPhone Developer";
				GCC_PRECOMPILE_PREFIX_HEADER = YES;
				GCC_PREFIX_HEADER = "Taliflo/Taliflo-Prefix.pch";
				INFOPLIST_FILE = "Taliflo/Taliflo-Info.plist";
				PRODUCT_NAME = "$(TARGET_NAME)";
				WRAPPER_EXTENSION = app;
			};
			name = Release;
		};
		D5B50DFE199D2C1100A486B0 /* Debug */ = {
			isa = XCBuildConfiguration;
			buildSettings = {
				BUNDLE_LOADER = "$(BUILT_PRODUCTS_DIR)/Taliflo.app/Taliflo";
				FRAMEWORK_SEARCH_PATHS = (
					"$(SDKROOT)/Developer/Library/Frameworks",
					"$(inherited)",
					"$(DEVELOPER_FRAMEWORKS_DIR)",
				);
				GCC_PRECOMPILE_PREFIX_HEADER = YES;
				GCC_PREFIX_HEADER = "Taliflo/Taliflo-Prefix.pch";
				GCC_PREPROCESSOR_DEFINITIONS = (
					"DEBUG=1",
					"$(inherited)",
				);
				INFOPLIST_FILE = "TalifloTests/TalifloTests-Info.plist";
				PRODUCT_NAME = "$(TARGET_NAME)";
				TEST_HOST = "$(BUNDLE_LOADER)";
				WRAPPER_EXTENSION = xctest;
			};
			name = Debug;
		};
		D5B50DFF199D2C1100A486B0 /* Release */ = {
			isa = XCBuildConfiguration;
			buildSettings = {
				BUNDLE_LOADER = "$(BUILT_PRODUCTS_DIR)/Taliflo.app/Taliflo";
				FRAMEWORK_SEARCH_PATHS = (
					"$(SDKROOT)/Developer/Library/Frameworks",
					"$(inherited)",
					"$(DEVELOPER_FRAMEWORKS_DIR)",
				);
				GCC_PRECOMPILE_PREFIX_HEADER = YES;
				GCC_PREFIX_HEADER = "Taliflo/Taliflo-Prefix.pch";
				INFOPLIST_FILE = "TalifloTests/TalifloTests-Info.plist";
				PRODUCT_NAME = "$(TARGET_NAME)";
				TEST_HOST = "$(BUNDLE_LOADER)";
				WRAPPER_EXTENSION = xctest;
			};
			name = Release;
		};
/* End XCBuildConfiguration section */

/* Begin XCConfigurationList section */
		D5B50DC9199D2C1000A486B0 /* Build configuration list for PBXProject "Taliflo" */ = {
			isa = XCConfigurationList;
			buildConfigurations = (
				D5B50DF8199D2C1100A486B0 /* Debug */,
				D5B50DF9199D2C1100A486B0 /* Release */,
			);
			defaultConfigurationIsVisible = 0;
			defaultConfigurationName = Release;
		};
		D5B50DFA199D2C1100A486B0 /* Build configuration list for PBXNativeTarget "Taliflo" */ = {
			isa = XCConfigurationList;
			buildConfigurations = (
				D5B50DFB199D2C1100A486B0 /* Debug */,
				D5B50DFC199D2C1100A486B0 /* Release */,
			);
			defaultConfigurationIsVisible = 0;
			defaultConfigurationName = Release;
		};
		D5B50DFD199D2C1100A486B0 /* Build configuration list for PBXNativeTarget "TalifloTests" */ = {
			isa = XCConfigurationList;
			buildConfigurations = (
				D5B50DFE199D2C1100A486B0 /* Debug */,
				D5B50DFF199D2C1100A486B0 /* Release */,
			);
			defaultConfigurationIsVisible = 0;
			defaultConfigurationName = Release;
		};
/* End XCConfigurationList section */
	};
	rootObject = D5B50DC6199D2C1000A486B0 /* Project object */;
}
