<?xml version="1.0" encoding="UTF-8"?>
<!DOCTYPE plist PUBLIC "-//Apple//DTD PLIST 1.0//EN" "http://www.apple.com/DTDs/PropertyList-1.0.dtd">
<plist version="1.0">
<dict>
	<key>archiveVersion</key>
	<string>1</string>
	<key>classes</key>
	<dict/>
	<key>objectVersion</key>
	<string>46</string>
	<key>objects</key>
	<dict>
		<key>08E2E9725DFD4754B3FED73B</key>
		<dict>
			<key>buildActionMask</key>
			<string>2147483647</string>
			<key>files</key>
			<array/>
			<key>inputPaths</key>
			<array/>
			<key>isa</key>
			<string>PBXShellScriptBuildPhase</string>
			<key>name</key>
			<string>Check Pods Manifest.lock</string>
			<key>outputPaths</key>
			<array/>
			<key>runOnlyForDeploymentPostprocessing</key>
			<string>0</string>
			<key>shellPath</key>
			<string>/bin/sh</string>
			<key>shellScript</key>
			<string>diff "${PODS_ROOT}/../Podfile.lock" "${PODS_ROOT}/Manifest.lock" &gt; /dev/null
if [[ $? != 0 ]] ; then
    cat &lt;&lt; EOM
error: The sandbox is not in sync with the Podfile.lock. Run 'pod install' or update your CocoaPods installation.
EOM
    exit 1
fi
</string>
			<key>showEnvVarsInLog</key>
			<string>0</string>
		</dict>
		<key>2384896295554975B373109D</key>
		<dict>
			<key>explicitFileType</key>
			<string>archive.ar</string>
			<key>includeInIndex</key>
			<string>0</string>
			<key>isa</key>
			<string>PBXFileReference</string>
			<key>path</key>
			<string>libPods.a</string>
			<key>sourceTree</key>
			<string>BUILT_PRODUCTS_DIR</string>
		</dict>
		<key>8F59EE28752046449CAE410F</key>
		<dict>
			<key>buildActionMask</key>
			<string>2147483647</string>
			<key>files</key>
			<array/>
			<key>inputPaths</key>
			<array/>
			<key>isa</key>
			<string>PBXShellScriptBuildPhase</string>
			<key>name</key>
			<string>Copy Pods Resources</string>
			<key>outputPaths</key>
			<array/>
			<key>runOnlyForDeploymentPostprocessing</key>
			<string>0</string>
			<key>shellPath</key>
			<string>/bin/sh</string>
			<key>shellScript</key>
			<string>"${SRCROOT}/Pods/Pods-resources.sh"
</string>
			<key>showEnvVarsInLog</key>
			<string>0</string>
		</dict>
		<key>94B030FF31954DD88A413E6A</key>
		<dict>
			<key>includeInIndex</key>
			<string>1</string>
			<key>isa</key>
			<string>PBXFileReference</string>
			<key>lastKnownFileType</key>
			<string>text.xcconfig</string>
			<key>name</key>
			<string>Pods.xcconfig</string>
			<key>path</key>
			<string>Pods/Pods.xcconfig</string>
			<key>sourceTree</key>
			<string>&lt;group&gt;</string>
		</dict>
		<key>D5B50DC5199D2C1000A486B0</key>
		<dict>
			<key>children</key>
			<array>
				<string>D5B50DD7199D2C1100A486B0</string>
				<string>D5B50DF0199D2C1100A486B0</string>
				<string>D5B50DD0199D2C1100A486B0</string>
				<string>D5B50DCF199D2C1100A486B0</string>
				<string>94B030FF31954DD88A413E6A</string>
			</array>
			<key>isa</key>
			<string>PBXGroup</string>
			<key>sourceTree</key>
			<string>&lt;group&gt;</string>
		</dict>
		<key>D5B50DC6199D2C1000A486B0</key>
		<dict>
			<key>attributes</key>
			<dict>
				<key>CLASSPREFIX</key>
				<string>TLF</string>
				<key>LastUpgradeCheck</key>
				<string>0510</string>
				<key>ORGANIZATIONNAME</key>
				<string>Taliflo Inc.</string>
				<key>TargetAttributes</key>
				<dict>
					<key>D5B50DCD199D2C1100A486B0</key>
					<dict>
						<key>DevelopmentTeam</key>
						<string>4H39J2TQND</string>
					</dict>
					<key>D5B50DE8199D2C1100A486B0</key>
					<dict>
						<key>TestTargetID</key>
						<string>D5B50DCD199D2C1100A486B0</string>
					</dict>
				</dict>
			</dict>
			<key>buildConfigurationList</key>
			<string>D5B50DC9199D2C1000A486B0</string>
			<key>compatibilityVersion</key>
			<string>Xcode 3.2</string>
			<key>developmentRegion</key>
			<string>English</string>
			<key>hasScannedForEncodings</key>
			<string>0</string>
			<key>isa</key>
			<string>PBXProject</string>
			<key>knownRegions</key>
			<array>
				<string>en</string>
			</array>
			<key>mainGroup</key>
			<string>D5B50DC5199D2C1000A486B0</string>
			<key>productRefGroup</key>
			<string>D5B50DCF199D2C1100A486B0</string>
			<key>projectDirPath</key>
			<string></string>
			<key>projectReferences</key>
			<array/>
			<key>projectRoot</key>
			<string></string>
			<key>targets</key>
			<array>
				<string>D5B50DCD199D2C1100A486B0</string>
				<string>D5B50DE8199D2C1100A486B0</string>
			</array>
		</dict>
		<key>D5B50DC9199D2C1000A486B0</key>
		<dict>
			<key>buildConfigurations</key>
			<array>
				<string>D5B50DF8199D2C1100A486B0</string>
				<string>D5B50DF9199D2C1100A486B0</string>
			</array>
			<key>defaultConfigurationIsVisible</key>
			<string>0</string>
			<key>defaultConfigurationName</key>
			<string>Release</string>
			<key>isa</key>
			<string>XCConfigurationList</string>
		</dict>
		<key>D5B50DCA199D2C1100A486B0</key>
		<dict>
			<key>buildActionMask</key>
			<string>2147483647</string>
			<key>files</key>
			<array>
				<string>D5B50E1A199D38EC00A486B0</string>
				<string>D5B50E06199D353000A486B0</string>
				<string>D5B50E52199D90D100A486B0</string>
				<string>D5B50E32199D461D00A486B0</string>
				<string>D5B50E4D199D73B600A486B0</string>
				<string>D5B50E5F199DB2E600A486B0</string>
				<string>D5B50E2B199D3CEB00A486B0</string>
				<string>D5B50DDE199D2C1100A486B0</string>
				<string>D5B50E57199D90F400A486B0</string>
				<string>D5B50E35199D464B00A486B0</string>
				<string>D5B50DE2199D2C1100A486B0</string>
				<string>D5B50E5C199D9A3500A486B0</string>
			</array>
			<key>isa</key>
			<string>PBXSourcesBuildPhase</string>
			<key>runOnlyForDeploymentPostprocessing</key>
			<string>0</string>
		</dict>
		<key>D5B50DCB199D2C1100A486B0</key>
		<dict>
			<key>buildActionMask</key>
			<string>2147483647</string>
			<key>files</key>
			<array>
				<string>D5B50DD4199D2C1100A486B0</string>
				<string>D5B50DD6199D2C1100A486B0</string>
				<string>D5B50DD2199D2C1100A486B0</string>
				<string>EE03657EB73449F9A3445768</string>
			</array>
			<key>isa</key>
			<string>PBXFrameworksBuildPhase</string>
			<key>runOnlyForDeploymentPostprocessing</key>
			<string>0</string>
		</dict>
		<key>D5B50DCC199D2C1100A486B0</key>
		<dict>
			<key>buildActionMask</key>
			<string>2147483647</string>
			<key>files</key>
			<array>
				<string>D5B50E40199D69C800A486B0</string>
				<string>D5B50E49199D6D8300A486B0</string>
				<string>D5B50E3D199D628400A486B0</string>
				<string>D5B50DDC199D2C1100A486B0</string>
				<string>D5B50E44199D6B1C00A486B0</string>
				<string>D5B50DE4199D2C1100A486B0</string>
				<string>D5B50E1B199D38EC00A486B0</string>
				<string>D5B50E45199D6B1C00A486B0</string>
				<string>D5B50E48199D6D8300A486B0</string>
				<string>D5B50E3C199D628400A486B0</string>
				<string>D5B50E4E199D73B600A486B0</string>
				<string>D5B50E53199D90D100A486B0</string>
				<string>D5B50E41199D69C800A486B0</string>
				<string>D5B50E58199D90F400A486B0</string>
			</array>
			<key>isa</key>
			<string>PBXResourcesBuildPhase</string>
			<key>runOnlyForDeploymentPostprocessing</key>
			<string>0</string>
		</dict>
		<key>D5B50DCD199D2C1100A486B0</key>
		<dict>
			<key>buildConfigurationList</key>
			<string>D5B50DFA199D2C1100A486B0</string>
			<key>buildPhases</key>
			<array>
				<string>08E2E9725DFD4754B3FED73B</string>
				<string>D5B50DCA199D2C1100A486B0</string>
				<string>D5B50DCB199D2C1100A486B0</string>
				<string>D5B50DCC199D2C1100A486B0</string>
				<string>8F59EE28752046449CAE410F</string>
			</array>
			<key>buildRules</key>
			<array/>
			<key>dependencies</key>
			<array/>
			<key>isa</key>
			<string>PBXNativeTarget</string>
			<key>name</key>
			<string>Taliflo</string>
			<key>productName</key>
			<string>Taliflo</string>
			<key>productReference</key>
			<string>D5B50DCE199D2C1100A486B0</string>
			<key>productType</key>
			<string>com.apple.product-type.application</string>
		</dict>
		<key>D5B50DCE199D2C1100A486B0</key>
		<dict>
			<key>explicitFileType</key>
			<string>wrapper.application</string>
			<key>includeInIndex</key>
			<string>0</string>
			<key>isa</key>
			<string>PBXFileReference</string>
			<key>path</key>
			<string>Taliflo.app</string>
			<key>sourceTree</key>
			<string>BUILT_PRODUCTS_DIR</string>
		</dict>
		<key>D5B50DCF199D2C1100A486B0</key>
		<dict>
			<key>children</key>
			<array>
				<string>D5B50DCE199D2C1100A486B0</string>
				<string>D5B50DE9199D2C1100A486B0</string>
			</array>
			<key>isa</key>
			<string>PBXGroup</string>
			<key>name</key>
			<string>Products</string>
			<key>sourceTree</key>
			<string>&lt;group&gt;</string>
		</dict>
		<key>D5B50DD0199D2C1100A486B0</key>
		<dict>
			<key>children</key>
			<array>
				<string>D5B50DD1199D2C1100A486B0</string>
				<string>D5B50DD3199D2C1100A486B0</string>
				<string>D5B50DD5199D2C1100A486B0</string>
				<string>D5B50DEA199D2C1100A486B0</string>
				<string>2384896295554975B373109D</string>
			</array>
			<key>isa</key>
			<string>PBXGroup</string>
			<key>name</key>
			<string>Frameworks</string>
			<key>sourceTree</key>
			<string>&lt;group&gt;</string>
		</dict>
		<key>D5B50DD1199D2C1100A486B0</key>
		<dict>
			<key>isa</key>
			<string>PBXFileReference</string>
			<key>lastKnownFileType</key>
			<string>wrapper.framework</string>
			<key>name</key>
			<string>Foundation.framework</string>
			<key>path</key>
			<string>System/Library/Frameworks/Foundation.framework</string>
			<key>sourceTree</key>
			<string>SDKROOT</string>
		</dict>
		<key>D5B50DD2199D2C1100A486B0</key>
		<dict>
			<key>fileRef</key>
			<string>D5B50DD1199D2C1100A486B0</string>
			<key>isa</key>
			<string>PBXBuildFile</string>
		</dict>
		<key>D5B50DD3199D2C1100A486B0</key>
		<dict>
			<key>isa</key>
			<string>PBXFileReference</string>
			<key>lastKnownFileType</key>
			<string>wrapper.framework</string>
			<key>name</key>
			<string>CoreGraphics.framework</string>
			<key>path</key>
			<string>System/Library/Frameworks/CoreGraphics.framework</string>
			<key>sourceTree</key>
			<string>SDKROOT</string>
		</dict>
		<key>D5B50DD4199D2C1100A486B0</key>
		<dict>
			<key>fileRef</key>
			<string>D5B50DD3199D2C1100A486B0</string>
			<key>isa</key>
			<string>PBXBuildFile</string>
		</dict>
		<key>D5B50DD5199D2C1100A486B0</key>
		<dict>
			<key>isa</key>
			<string>PBXFileReference</string>
			<key>lastKnownFileType</key>
			<string>wrapper.framework</string>
			<key>name</key>
			<string>UIKit.framework</string>
			<key>path</key>
			<string>System/Library/Frameworks/UIKit.framework</string>
			<key>sourceTree</key>
			<string>SDKROOT</string>
		</dict>
		<key>D5B50DD6199D2C1100A486B0</key>
		<dict>
			<key>fileRef</key>
			<string>D5B50DD5199D2C1100A486B0</string>
			<key>isa</key>
			<string>PBXBuildFile</string>
		</dict>
		<key>D5B50DD7199D2C1100A486B0</key>
		<dict>
			<key>children</key>
			<array>
				<string>D5B50E59199D9A0B00A486B0</string>
				<string>D5B50E03199D2C7F00A486B0</string>
				<string>D5B50E02199D2C7500A486B0</string>
				<string>D5B50E01199D2C6C00A486B0</string>
				<string>D5B50E00199D2C6400A486B0</string>
				<string>D5B50DE0199D2C1100A486B0</string>
				<string>D5B50DE1199D2C1100A486B0</string>
				<string>D5B50DE3199D2C1100A486B0</string>
				<string>D5B50DD8199D2C1100A486B0</string>
			</array>
			<key>isa</key>
			<string>PBXGroup</string>
			<key>path</key>
			<string>Taliflo</string>
			<key>sourceTree</key>
			<string>&lt;group&gt;</string>
		</dict>
		<key>D5B50DD8199D2C1100A486B0</key>
		<dict>
			<key>children</key>
			<array>
				<string>D5B50E46199D6D8300A486B0</string>
				<string>D5B50E47199D6D8300A486B0</string>
				<string>D5B50E42199D6B1C00A486B0</string>
				<string>D5B50E43199D6B1C00A486B0</string>
				<string>D5B50E3E199D69C800A486B0</string>
				<string>D5B50E3F199D69C800A486B0</string>
				<string>D5B50E3A199D628400A486B0</string>
				<string>D5B50E3B199D628400A486B0</string>
				<string>D5B50DD9199D2C1100A486B0</string>
				<string>D5B50DDA199D2C1100A486B0</string>
				<string>D5B50DDD199D2C1100A486B0</string>
				<string>D5B50DDF199D2C1100A486B0</string>
			</array>
			<key>isa</key>
			<string>PBXGroup</string>
			<key>name</key>
			<string>Supporting Files</string>
			<key>sourceTree</key>
			<string>&lt;group&gt;</string>
		</dict>
		<key>D5B50DD9199D2C1100A486B0</key>
		<dict>
			<key>isa</key>
			<string>PBXFileReference</string>
			<key>lastKnownFileType</key>
			<string>text.plist.xml</string>
			<key>path</key>
			<string>Taliflo-Info.plist</string>
			<key>sourceTree</key>
			<string>&lt;group&gt;</string>
		</dict>
		<key>D5B50DDA199D2C1100A486B0</key>
		<dict>
			<key>children</key>
			<array>
				<string>D5B50DDB199D2C1100A486B0</string>
			</array>
			<key>isa</key>
			<string>PBXVariantGroup</string>
			<key>name</key>
			<string>InfoPlist.strings</string>
			<key>sourceTree</key>
			<string>&lt;group&gt;</string>
		</dict>
		<key>D5B50DDB199D2C1100A486B0</key>
		<dict>
			<key>isa</key>
			<string>PBXFileReference</string>
			<key>lastKnownFileType</key>
			<string>text.plist.strings</string>
			<key>name</key>
			<string>en</string>
			<key>path</key>
			<string>en.lproj/InfoPlist.strings</string>
			<key>sourceTree</key>
			<string>&lt;group&gt;</string>
		</dict>
		<key>D5B50DDC199D2C1100A486B0</key>
		<dict>
			<key>fileRef</key>
			<string>D5B50DDA199D2C1100A486B0</string>
			<key>isa</key>
			<string>PBXBuildFile</string>
		</dict>
		<key>D5B50DDD199D2C1100A486B0</key>
		<dict>
			<key>isa</key>
			<string>PBXFileReference</string>
			<key>lastKnownFileType</key>
			<string>sourcecode.c.objc</string>
			<key>path</key>
			<string>main.m</string>
			<key>sourceTree</key>
			<string>&lt;group&gt;</string>
		</dict>
		<key>D5B50DDE199D2C1100A486B0</key>
		<dict>
			<key>fileRef</key>
			<string>D5B50DDD199D2C1100A486B0</string>
			<key>isa</key>
			<string>PBXBuildFile</string>
		</dict>
		<key>D5B50DDF199D2C1100A486B0</key>
		<dict>
			<key>isa</key>
			<string>PBXFileReference</string>
			<key>lastKnownFileType</key>
			<string>sourcecode.c.h</string>
			<key>path</key>
			<string>Taliflo-Prefix.pch</string>
			<key>sourceTree</key>
			<string>&lt;group&gt;</string>
		</dict>
		<key>D5B50DE0199D2C1100A486B0</key>
		<dict>
			<key>isa</key>
			<string>PBXFileReference</string>
			<key>lastKnownFileType</key>
			<string>sourcecode.c.h</string>
			<key>path</key>
			<string>TLFAppDelegate.h</string>
			<key>sourceTree</key>
			<string>&lt;group&gt;</string>
		</dict>
		<key>D5B50DE1199D2C1100A486B0</key>
		<dict>
			<key>isa</key>
			<string>PBXFileReference</string>
			<key>lastKnownFileType</key>
			<string>sourcecode.c.objc</string>
			<key>path</key>
			<string>TLFAppDelegate.m</string>
			<key>sourceTree</key>
			<string>&lt;group&gt;</string>
		</dict>
		<key>D5B50DE2199D2C1100A486B0</key>
		<dict>
			<key>fileRef</key>
			<string>D5B50DE1199D2C1100A486B0</string>
			<key>isa</key>
			<string>PBXBuildFile</string>
		</dict>
		<key>D5B50DE3199D2C1100A486B0</key>
		<dict>
			<key>isa</key>
			<string>PBXFileReference</string>
			<key>lastKnownFileType</key>
			<string>folder.assetcatalog</string>
			<key>path</key>
			<string>Images.xcassets</string>
			<key>sourceTree</key>
			<string>&lt;group&gt;</string>
		</dict>
		<key>D5B50DE4199D2C1100A486B0</key>
		<dict>
			<key>fileRef</key>
			<string>D5B50DE3199D2C1100A486B0</string>
			<key>isa</key>
			<string>PBXBuildFile</string>
		</dict>
		<key>D5B50DE5199D2C1100A486B0</key>
		<dict>
			<key>buildActionMask</key>
			<string>2147483647</string>
			<key>files</key>
			<array>
				<string>D5B50DF7199D2C1100A486B0</string>
			</array>
			<key>isa</key>
			<string>PBXSourcesBuildPhase</string>
			<key>runOnlyForDeploymentPostprocessing</key>
			<string>0</string>
		</dict>
		<key>D5B50DE6199D2C1100A486B0</key>
		<dict>
			<key>buildActionMask</key>
			<string>2147483647</string>
			<key>files</key>
			<array>
				<string>D5B50DEB199D2C1100A486B0</string>
				<string>D5B50DED199D2C1100A486B0</string>
				<string>D5B50DEC199D2C1100A486B0</string>
			</array>
			<key>isa</key>
			<string>PBXFrameworksBuildPhase</string>
			<key>runOnlyForDeploymentPostprocessing</key>
			<string>0</string>
		</dict>
		<key>D5B50DE7199D2C1100A486B0</key>
		<dict>
			<key>buildActionMask</key>
			<string>2147483647</string>
			<key>files</key>
			<array>
				<string>D5B50DF5199D2C1100A486B0</string>
			</array>
			<key>isa</key>
			<string>PBXResourcesBuildPhase</string>
			<key>runOnlyForDeploymentPostprocessing</key>
			<string>0</string>
		</dict>
		<key>D5B50DE8199D2C1100A486B0</key>
		<dict>
			<key>buildConfigurationList</key>
			<string>D5B50DFD199D2C1100A486B0</string>
			<key>buildPhases</key>
			<array>
				<string>D5B50DE5199D2C1100A486B0</string>
				<string>D5B50DE6199D2C1100A486B0</string>
				<string>D5B50DE7199D2C1100A486B0</string>
			</array>
			<key>buildRules</key>
			<array/>
			<key>dependencies</key>
			<array>
				<string>D5B50DEF199D2C1100A486B0</string>
			</array>
			<key>isa</key>
			<string>PBXNativeTarget</string>
			<key>name</key>
			<string>TalifloTests</string>
			<key>productName</key>
			<string>TalifloTests</string>
			<key>productReference</key>
			<string>D5B50DE9199D2C1100A486B0</string>
			<key>productType</key>
			<string>com.apple.product-type.bundle.unit-test</string>
		</dict>
		<key>D5B50DE9199D2C1100A486B0</key>
		<dict>
			<key>explicitFileType</key>
			<string>wrapper.cfbundle</string>
			<key>includeInIndex</key>
			<string>0</string>
			<key>isa</key>
			<string>PBXFileReference</string>
			<key>path</key>
			<string>TalifloTests.xctest</string>
			<key>sourceTree</key>
			<string>BUILT_PRODUCTS_DIR</string>
		</dict>
		<key>D5B50DEA199D2C1100A486B0</key>
		<dict>
			<key>isa</key>
			<string>PBXFileReference</string>
			<key>lastKnownFileType</key>
			<string>wrapper.framework</string>
			<key>name</key>
			<string>XCTest.framework</string>
			<key>path</key>
			<string>Library/Frameworks/XCTest.framework</string>
			<key>sourceTree</key>
			<string>DEVELOPER_DIR</string>
		</dict>
		<key>D5B50DEB199D2C1100A486B0</key>
		<dict>
			<key>fileRef</key>
			<string>D5B50DEA199D2C1100A486B0</string>
			<key>isa</key>
			<string>PBXBuildFile</string>
		</dict>
		<key>D5B50DEC199D2C1100A486B0</key>
		<dict>
			<key>fileRef</key>
			<string>D5B50DD1199D2C1100A486B0</string>
			<key>isa</key>
			<string>PBXBuildFile</string>
		</dict>
		<key>D5B50DED199D2C1100A486B0</key>
		<dict>
			<key>fileRef</key>
			<string>D5B50DD5199D2C1100A486B0</string>
			<key>isa</key>
			<string>PBXBuildFile</string>
		</dict>
		<key>D5B50DEE199D2C1100A486B0</key>
		<dict>
			<key>containerPortal</key>
			<string>D5B50DC6199D2C1000A486B0</string>
			<key>isa</key>
			<string>PBXContainerItemProxy</string>
			<key>proxyType</key>
			<string>1</string>
			<key>remoteGlobalIDString</key>
			<string>D5B50DCD199D2C1100A486B0</string>
			<key>remoteInfo</key>
			<string>Taliflo</string>
		</dict>
		<key>D5B50DEF199D2C1100A486B0</key>
		<dict>
			<key>isa</key>
			<string>PBXTargetDependency</string>
			<key>target</key>
			<string>D5B50DCD199D2C1100A486B0</string>
			<key>targetProxy</key>
			<string>D5B50DEE199D2C1100A486B0</string>
		</dict>
		<key>D5B50DF0199D2C1100A486B0</key>
		<dict>
			<key>children</key>
			<array>
				<string>D5B50DF6199D2C1100A486B0</string>
				<string>D5B50DF1199D2C1100A486B0</string>
			</array>
			<key>isa</key>
			<string>PBXGroup</string>
			<key>path</key>
			<string>TalifloTests</string>
			<key>sourceTree</key>
			<string>&lt;group&gt;</string>
		</dict>
		<key>D5B50DF1199D2C1100A486B0</key>
		<dict>
			<key>children</key>
			<array>
				<string>D5B50DF2199D2C1100A486B0</string>
				<string>D5B50DF3199D2C1100A486B0</string>
			</array>
			<key>isa</key>
			<string>PBXGroup</string>
			<key>name</key>
			<string>Supporting Files</string>
			<key>sourceTree</key>
			<string>&lt;group&gt;</string>
		</dict>
		<key>D5B50DF2199D2C1100A486B0</key>
		<dict>
			<key>isa</key>
			<string>PBXFileReference</string>
			<key>lastKnownFileType</key>
			<string>text.plist.xml</string>
			<key>path</key>
			<string>TalifloTests-Info.plist</string>
			<key>sourceTree</key>
			<string>&lt;group&gt;</string>
		</dict>
		<key>D5B50DF3199D2C1100A486B0</key>
		<dict>
			<key>children</key>
			<array>
				<string>D5B50DF4199D2C1100A486B0</string>
			</array>
			<key>isa</key>
			<string>PBXVariantGroup</string>
			<key>name</key>
			<string>InfoPlist.strings</string>
			<key>sourceTree</key>
			<string>&lt;group&gt;</string>
		</dict>
		<key>D5B50DF4199D2C1100A486B0</key>
		<dict>
			<key>isa</key>
			<string>PBXFileReference</string>
			<key>lastKnownFileType</key>
			<string>text.plist.strings</string>
			<key>name</key>
			<string>en</string>
			<key>path</key>
			<string>en.lproj/InfoPlist.strings</string>
			<key>sourceTree</key>
			<string>&lt;group&gt;</string>
		</dict>
		<key>D5B50DF5199D2C1100A486B0</key>
		<dict>
			<key>fileRef</key>
			<string>D5B50DF3199D2C1100A486B0</string>
			<key>isa</key>
			<string>PBXBuildFile</string>
		</dict>
		<key>D5B50DF6199D2C1100A486B0</key>
		<dict>
			<key>isa</key>
			<string>PBXFileReference</string>
			<key>lastKnownFileType</key>
			<string>sourcecode.c.objc</string>
			<key>path</key>
			<string>TalifloTests.m</string>
			<key>sourceTree</key>
			<string>&lt;group&gt;</string>
		</dict>
		<key>D5B50DF7199D2C1100A486B0</key>
		<dict>
			<key>fileRef</key>
			<string>D5B50DF6199D2C1100A486B0</string>
			<key>isa</key>
			<string>PBXBuildFile</string>
		</dict>
		<key>D5B50DF8199D2C1100A486B0</key>
		<dict>
			<key>buildSettings</key>
			<dict>
				<key>ALWAYS_SEARCH_USER_PATHS</key>
				<string>NO</string>
				<key>CLANG_CXX_LANGUAGE_STANDARD</key>
				<string>gnu++0x</string>
				<key>CLANG_CXX_LIBRARY</key>
				<string>libc++</string>
				<key>CLANG_ENABLE_MODULES</key>
				<string>YES</string>
				<key>CLANG_ENABLE_OBJC_ARC</key>
				<string>YES</string>
				<key>CLANG_WARN_BOOL_CONVERSION</key>
				<string>YES</string>
				<key>CLANG_WARN_CONSTANT_CONVERSION</key>
				<string>YES</string>
				<key>CLANG_WARN_DIRECT_OBJC_ISA_USAGE</key>
				<string>YES_ERROR</string>
				<key>CLANG_WARN_EMPTY_BODY</key>
				<string>YES</string>
				<key>CLANG_WARN_ENUM_CONVERSION</key>
				<string>YES</string>
				<key>CLANG_WARN_INT_CONVERSION</key>
				<string>YES</string>
				<key>CLANG_WARN_OBJC_ROOT_CLASS</key>
				<string>YES_ERROR</string>
				<key>CLANG_WARN__DUPLICATE_METHOD_MATCH</key>
				<string>YES</string>
				<key>CODE_SIGN_IDENTITY[sdk=iphoneos*]</key>
				<string>iPhone Developer</string>
				<key>COPY_PHASE_STRIP</key>
				<string>NO</string>
				<key>GCC_C_LANGUAGE_STANDARD</key>
				<string>gnu99</string>
				<key>GCC_DYNAMIC_NO_PIC</key>
				<string>NO</string>
				<key>GCC_OPTIMIZATION_LEVEL</key>
				<string>0</string>
				<key>GCC_PREPROCESSOR_DEFINITIONS</key>
				<array>
					<string>DEBUG=1</string>
					<string>$(inherited)</string>
				</array>
				<key>GCC_SYMBOLS_PRIVATE_EXTERN</key>
				<string>NO</string>
				<key>GCC_WARN_64_TO_32_BIT_CONVERSION</key>
				<string>YES</string>
				<key>GCC_WARN_ABOUT_RETURN_TYPE</key>
				<string>YES_ERROR</string>
				<key>GCC_WARN_UNDECLARED_SELECTOR</key>
				<string>YES</string>
				<key>GCC_WARN_UNINITIALIZED_AUTOS</key>
				<string>YES_AGGRESSIVE</string>
				<key>GCC_WARN_UNUSED_FUNCTION</key>
				<string>YES</string>
				<key>GCC_WARN_UNUSED_VARIABLE</key>
				<string>YES</string>
				<key>IPHONEOS_DEPLOYMENT_TARGET</key>
				<string>7.1</string>
				<key>ONLY_ACTIVE_ARCH</key>
				<string>YES</string>
				<key>SDKROOT</key>
				<string>iphoneos</string>
			</dict>
			<key>isa</key>
			<string>XCBuildConfiguration</string>
			<key>name</key>
			<string>Debug</string>
		</dict>
		<key>D5B50DF9199D2C1100A486B0</key>
		<dict>
			<key>buildSettings</key>
			<dict>
				<key>ALWAYS_SEARCH_USER_PATHS</key>
				<string>NO</string>
				<key>CLANG_CXX_LANGUAGE_STANDARD</key>
				<string>gnu++0x</string>
				<key>CLANG_CXX_LIBRARY</key>
				<string>libc++</string>
				<key>CLANG_ENABLE_MODULES</key>
				<string>YES</string>
				<key>CLANG_ENABLE_OBJC_ARC</key>
				<string>YES</string>
				<key>CLANG_WARN_BOOL_CONVERSION</key>
				<string>YES</string>
				<key>CLANG_WARN_CONSTANT_CONVERSION</key>
				<string>YES</string>
				<key>CLANG_WARN_DIRECT_OBJC_ISA_USAGE</key>
				<string>YES_ERROR</string>
				<key>CLANG_WARN_EMPTY_BODY</key>
				<string>YES</string>
				<key>CLANG_WARN_ENUM_CONVERSION</key>
				<string>YES</string>
				<key>CLANG_WARN_INT_CONVERSION</key>
				<string>YES</string>
				<key>CLANG_WARN_OBJC_ROOT_CLASS</key>
				<string>YES_ERROR</string>
				<key>CLANG_WARN__DUPLICATE_METHOD_MATCH</key>
				<string>YES</string>
				<key>CODE_SIGN_IDENTITY[sdk=iphoneos*]</key>
				<string>iPhone Developer</string>
				<key>COPY_PHASE_STRIP</key>
				<string>YES</string>
				<key>ENABLE_NS_ASSERTIONS</key>
				<string>NO</string>
				<key>GCC_C_LANGUAGE_STANDARD</key>
				<string>gnu99</string>
				<key>GCC_WARN_64_TO_32_BIT_CONVERSION</key>
				<string>YES</string>
				<key>GCC_WARN_ABOUT_RETURN_TYPE</key>
				<string>YES_ERROR</string>
				<key>GCC_WARN_UNDECLARED_SELECTOR</key>
				<string>YES</string>
				<key>GCC_WARN_UNINITIALIZED_AUTOS</key>
				<string>YES_AGGRESSIVE</string>
				<key>GCC_WARN_UNUSED_FUNCTION</key>
				<string>YES</string>
				<key>GCC_WARN_UNUSED_VARIABLE</key>
				<string>YES</string>
				<key>IPHONEOS_DEPLOYMENT_TARGET</key>
				<string>7.1</string>
				<key>SDKROOT</key>
				<string>iphoneos</string>
				<key>VALIDATE_PRODUCT</key>
				<string>YES</string>
			</dict>
			<key>isa</key>
			<string>XCBuildConfiguration</string>
			<key>name</key>
			<string>Release</string>
		</dict>
		<key>D5B50DFA199D2C1100A486B0</key>
		<dict>
			<key>buildConfigurations</key>
			<array>
				<string>D5B50DFB199D2C1100A486B0</string>
				<string>D5B50DFC199D2C1100A486B0</string>
			</array>
			<key>defaultConfigurationIsVisible</key>
			<string>0</string>
			<key>defaultConfigurationName</key>
			<string>Release</string>
			<key>isa</key>
			<string>XCConfigurationList</string>
		</dict>
		<key>D5B50DFB199D2C1100A486B0</key>
		<dict>
			<key>baseConfigurationReference</key>
			<string>94B030FF31954DD88A413E6A</string>
			<key>buildSettings</key>
			<dict>
				<key>ASSETCATALOG_COMPILER_APPICON_NAME</key>
				<string>AppIcon</string>
				<key>ASSETCATALOG_COMPILER_LAUNCHIMAGE_NAME</key>
				<string>LaunchImage</string>
				<key>CODE_SIGN_IDENTITY</key>
				<string>iPhone Developer</string>
				<key>GCC_PRECOMPILE_PREFIX_HEADER</key>
				<string>YES</string>
				<key>GCC_PREFIX_HEADER</key>
				<string>Taliflo/Taliflo-Prefix.pch</string>
				<key>INFOPLIST_FILE</key>
				<string>Taliflo/Taliflo-Info.plist</string>
				<key>PRODUCT_NAME</key>
				<string>$(TARGET_NAME)</string>
				<key>WRAPPER_EXTENSION</key>
				<string>app</string>
			</dict>
			<key>isa</key>
			<string>XCBuildConfiguration</string>
			<key>name</key>
			<string>Debug</string>
		</dict>
		<key>D5B50DFC199D2C1100A486B0</key>
		<dict>
			<key>baseConfigurationReference</key>
			<string>94B030FF31954DD88A413E6A</string>
			<key>buildSettings</key>
			<dict>
				<key>ASSETCATALOG_COMPILER_APPICON_NAME</key>
				<string>AppIcon</string>
				<key>ASSETCATALOG_COMPILER_LAUNCHIMAGE_NAME</key>
				<string>LaunchImage</string>
				<key>CODE_SIGN_IDENTITY</key>
				<string>iPhone Developer</string>
				<key>GCC_PRECOMPILE_PREFIX_HEADER</key>
				<string>YES</string>
				<key>GCC_PREFIX_HEADER</key>
				<string>Taliflo/Taliflo-Prefix.pch</string>
				<key>INFOPLIST_FILE</key>
				<string>Taliflo/Taliflo-Info.plist</string>
				<key>PRODUCT_NAME</key>
				<string>$(TARGET_NAME)</string>
				<key>WRAPPER_EXTENSION</key>
				<string>app</string>
			</dict>
			<key>isa</key>
			<string>XCBuildConfiguration</string>
			<key>name</key>
			<string>Release</string>
		</dict>
		<key>D5B50DFD199D2C1100A486B0</key>
		<dict>
			<key>buildConfigurations</key>
			<array>
				<string>D5B50DFE199D2C1100A486B0</string>
				<string>D5B50DFF199D2C1100A486B0</string>
			</array>
			<key>defaultConfigurationIsVisible</key>
			<string>0</string>
			<key>defaultConfigurationName</key>
			<string>Release</string>
			<key>isa</key>
			<string>XCConfigurationList</string>
		</dict>
		<key>D5B50DFE199D2C1100A486B0</key>
		<dict>
			<key>buildSettings</key>
			<dict>
				<key>BUNDLE_LOADER</key>
				<string>$(BUILT_PRODUCTS_DIR)/Taliflo.app/Taliflo</string>
				<key>FRAMEWORK_SEARCH_PATHS</key>
				<array>
					<string>$(SDKROOT)/Developer/Library/Frameworks</string>
					<string>$(inherited)</string>
					<string>$(DEVELOPER_FRAMEWORKS_DIR)</string>
				</array>
				<key>GCC_PRECOMPILE_PREFIX_HEADER</key>
				<string>YES</string>
				<key>GCC_PREFIX_HEADER</key>
				<string>Taliflo/Taliflo-Prefix.pch</string>
				<key>GCC_PREPROCESSOR_DEFINITIONS</key>
				<array>
					<string>DEBUG=1</string>
					<string>$(inherited)</string>
				</array>
				<key>INFOPLIST_FILE</key>
				<string>TalifloTests/TalifloTests-Info.plist</string>
				<key>PRODUCT_NAME</key>
				<string>$(TARGET_NAME)</string>
				<key>TEST_HOST</key>
				<string>$(BUNDLE_LOADER)</string>
				<key>WRAPPER_EXTENSION</key>
				<string>xctest</string>
			</dict>
			<key>isa</key>
			<string>XCBuildConfiguration</string>
			<key>name</key>
			<string>Debug</string>
		</dict>
		<key>D5B50DFF199D2C1100A486B0</key>
		<dict>
			<key>buildSettings</key>
			<dict>
				<key>BUNDLE_LOADER</key>
				<string>$(BUILT_PRODUCTS_DIR)/Taliflo.app/Taliflo</string>
				<key>FRAMEWORK_SEARCH_PATHS</key>
				<array>
					<string>$(SDKROOT)/Developer/Library/Frameworks</string>
					<string>$(inherited)</string>
					<string>$(DEVELOPER_FRAMEWORKS_DIR)</string>
				</array>
				<key>GCC_PRECOMPILE_PREFIX_HEADER</key>
				<string>YES</string>
				<key>GCC_PREFIX_HEADER</key>
				<string>Taliflo/Taliflo-Prefix.pch</string>
				<key>INFOPLIST_FILE</key>
				<string>TalifloTests/TalifloTests-Info.plist</string>
				<key>PRODUCT_NAME</key>
				<string>$(TARGET_NAME)</string>
				<key>TEST_HOST</key>
				<string>$(BUNDLE_LOADER)</string>
				<key>WRAPPER_EXTENSION</key>
				<string>xctest</string>
			</dict>
			<key>isa</key>
			<string>XCBuildConfiguration</string>
			<key>name</key>
			<string>Release</string>
		</dict>
		<key>D5B50E00199D2C6400A486B0</key>
		<dict>
			<key>children</key>
			<array>
				<string>D5B50E5D199DB2E600A486B0</string>
				<string>D5B50E5E199DB2E600A486B0</string>
			</array>
			<key>isa</key>
			<string>PBXGroup</string>
			<key>name</key>
			<string>Model</string>
			<key>sourceTree</key>
			<string>&lt;group&gt;</string>
		</dict>
		<key>D5B50E01199D2C6C00A486B0</key>
		<dict>
			<key>children</key>
			<array>
				<string>D5B50E04199D353000A486B0</string>
				<string>D5B50E05199D353000A486B0</string>
				<string>D5B50E29199D3CEB00A486B0</string>
				<string>D5B50E2A199D3CEB00A486B0</string>
			</array>
			<key>isa</key>
			<string>PBXGroup</string>
			<key>name</key>
			<string>Utilities</string>
			<key>sourceTree</key>
			<string>&lt;group&gt;</string>
		</dict>
		<key>D5B50E02199D2C7500A486B0</key>
		<dict>
			<key>children</key>
			<array>
				<string>D5B50E4A199D73B600A486B0</string>
				<string>D5B50E4B199D73B600A486B0</string>
				<string>D5B50E17199D38EC00A486B0</string>
				<string>D5B50E18199D38EC00A486B0</string>
				<string>D5B50E30199D461D00A486B0</string>
				<string>D5B50E31199D461D00A486B0</string>
				<string>D5B50E33199D464B00A486B0</string>
				<string>D5B50E34199D464B00A486B0</string>
			</array>
			<key>isa</key>
			<string>PBXGroup</string>
			<key>name</key>
			<string>Controllers</string>
			<key>sourceTree</key>
			<string>&lt;group&gt;</string>
		</dict>
		<key>D5B50E03199D2C7F00A486B0</key>
		<dict>
			<key>children</key>
			<array>
				<string>D5B50E4C199D73B600A486B0</string>
				<string>D5B50E19199D38EC00A486B0</string>
				<string>D5B50E4F199D90D100A486B0</string>
				<string>D5B50E50199D90D100A486B0</string>
				<string>D5B50E51199D90D100A486B0</string>
				<string>D5B50E54199D90F400A486B0</string>
				<string>D5B50E55199D90F400A486B0</string>
				<string>D5B50E56199D90F400A486B0</string>
			</array>
			<key>isa</key>
			<string>PBXGroup</string>
			<key>name</key>
			<string>Views</string>
			<key>sourceTree</key>
			<string>&lt;group&gt;</string>
		</dict>
		<key>D5B50E04199D353000A486B0</key>
		<dict>
			<key>fileEncoding</key>
			<string>4</string>
			<key>isa</key>
			<string>PBXFileReference</string>
			<key>lastKnownFileType</key>
			<string>sourcecode.c.h</string>
			<key>path</key>
			<string>TLFColor.h</string>
			<key>sourceTree</key>
			<string>&lt;group&gt;</string>
		</dict>
		<key>D5B50E05199D353000A486B0</key>
		<dict>
			<key>fileEncoding</key>
			<string>4</string>
			<key>isa</key>
			<string>PBXFileReference</string>
			<key>lastKnownFileType</key>
			<string>sourcecode.c.objc</string>
			<key>path</key>
			<string>TLFColor.m</string>
			<key>sourceTree</key>
			<string>&lt;group&gt;</string>
		</dict>
		<key>D5B50E06199D353000A486B0</key>
		<dict>
			<key>fileRef</key>
			<string>D5B50E05199D353000A486B0</string>
			<key>isa</key>
			<string>PBXBuildFile</string>
		</dict>
		<key>D5B50E17199D38EC00A486B0</key>
		<dict>
			<key>fileEncoding</key>
			<string>4</string>
			<key>isa</key>
			<string>PBXFileReference</string>
			<key>lastKnownFileType</key>
			<string>sourcecode.c.h</string>
			<key>path</key>
			<string>TLFVoucherViewController.h</string>
			<key>sourceTree</key>
			<string>&lt;group&gt;</string>
		</dict>
		<key>D5B50E18199D38EC00A486B0</key>
		<dict>
			<key>fileEncoding</key>
			<string>4</string>
			<key>isa</key>
			<string>PBXFileReference</string>
			<key>lastKnownFileType</key>
			<string>sourcecode.c.objc</string>
			<key>path</key>
			<string>TLFVoucherViewController.m</string>
			<key>sourceTree</key>
			<string>&lt;group&gt;</string>
		</dict>
		<key>D5B50E19199D38EC00A486B0</key>
		<dict>
			<key>fileEncoding</key>
			<string>4</string>
			<key>isa</key>
			<string>PBXFileReference</string>
			<key>lastKnownFileType</key>
			<string>file.xib</string>
			<key>path</key>
			<string>TLFVoucherViewController.xib</string>
			<key>sourceTree</key>
			<string>&lt;group&gt;</string>
		</dict>
		<key>D5B50E1A199D38EC00A486B0</key>
		<dict>
			<key>fileRef</key>
			<string>D5B50E18199D38EC00A486B0</string>
			<key>isa</key>
			<string>PBXBuildFile</string>
		</dict>
		<key>D5B50E1B199D38EC00A486B0</key>
		<dict>
			<key>fileRef</key>
			<string>D5B50E19199D38EC00A486B0</string>
			<key>isa</key>
			<string>PBXBuildFile</string>
		</dict>
		<key>D5B50E29199D3CEB00A486B0</key>
		<dict>
			<key>fileEncoding</key>
			<string>4</string>
			<key>isa</key>
			<string>PBXFileReference</string>
			<key>lastKnownFileType</key>
			<string>sourcecode.c.h</string>
			<key>path</key>
			<string>TLFNavBarConfig.h</string>
			<key>sourceTree</key>
			<string>&lt;group&gt;</string>
		</dict>
		<key>D5B50E2A199D3CEB00A486B0</key>
		<dict>
			<key>fileEncoding</key>
			<string>4</string>
			<key>isa</key>
			<string>PBXFileReference</string>
			<key>lastKnownFileType</key>
			<string>sourcecode.c.objc</string>
			<key>path</key>
			<string>TLFNavBarConfig.m</string>
			<key>sourceTree</key>
			<string>&lt;group&gt;</string>
		</dict>
		<key>D5B50E2B199D3CEB00A486B0</key>
		<dict>
			<key>fileRef</key>
			<string>D5B50E2A199D3CEB00A486B0</string>
			<key>isa</key>
			<string>PBXBuildFile</string>
		</dict>
		<key>D5B50E30199D461D00A486B0</key>
		<dict>
			<key>fileEncoding</key>
			<string>4</string>
			<key>isa</key>
			<string>PBXFileReference</string>
			<key>lastKnownFileType</key>
			<string>sourcecode.c.h</string>
			<key>path</key>
			<string>TLFVouchersViewController.h</string>
			<key>sourceTree</key>
			<string>&lt;group&gt;</string>
		</dict>
		<key>D5B50E31199D461D00A486B0</key>
		<dict>
			<key>fileEncoding</key>
			<string>4</string>
			<key>isa</key>
			<string>PBXFileReference</string>
			<key>lastKnownFileType</key>
			<string>sourcecode.c.objc</string>
			<key>path</key>
			<string>TLFVouchersViewController.m</string>
			<key>sourceTree</key>
			<string>&lt;group&gt;</string>
		</dict>
		<key>D5B50E32199D461D00A486B0</key>
		<dict>
			<key>fileRef</key>
			<string>D5B50E31199D461D00A486B0</string>
			<key>isa</key>
			<string>PBXBuildFile</string>
		</dict>
		<key>D5B50E33199D464B00A486B0</key>
		<dict>
			<key>fileEncoding</key>
			<string>4</string>
			<key>isa</key>
			<string>PBXFileReference</string>
			<key>lastKnownFileType</key>
			<string>sourcecode.c.h</string>
			<key>path</key>
			<string>TLFHistoryViewController.h</string>
			<key>sourceTree</key>
			<string>&lt;group&gt;</string>
		</dict>
		<key>D5B50E34199D464B00A486B0</key>
		<dict>
			<key>fileEncoding</key>
			<string>4</string>
			<key>isa</key>
			<string>PBXFileReference</string>
			<key>lastKnownFileType</key>
			<string>sourcecode.c.objc</string>
			<key>path</key>
			<string>TLFHistoryViewController.m</string>
			<key>sourceTree</key>
			<string>&lt;group&gt;</string>
		</dict>
		<key>D5B50E35199D464B00A486B0</key>
		<dict>
			<key>fileRef</key>
			<string>D5B50E34199D464B00A486B0</string>
			<key>isa</key>
			<string>PBXBuildFile</string>
		</dict>
		<key>D5B50E3A199D628400A486B0</key>
		<dict>
			<key>isa</key>
			<string>PBXFileReference</string>
			<key>lastKnownFileType</key>
			<string>image.png</string>
			<key>name</key>
			<string>Voucher.png</string>
			<key>path</key>
			<string>../../../../../TalifloAssets/assets/voucher/Voucher.png</string>
			<key>sourceTree</key>
			<string>&lt;group&gt;</string>
		</dict>
		<key>D5B50E3B199D628400A486B0</key>
		<dict>
			<key>isa</key>
			<string>PBXFileReference</string>
			<key>lastKnownFileType</key>
			<string>image.png</string>
			<key>name</key>
			<string>Voucher@2x.png</string>
			<key>path</key>
			<string>../../../../../TalifloAssets/assets/voucher/Voucher@2x.png</string>
			<key>sourceTree</key>
			<string>&lt;group&gt;</string>
		</dict>
		<key>D5B50E3C199D628400A486B0</key>
		<dict>
			<key>fileRef</key>
			<string>D5B50E3A199D628400A486B0</string>
			<key>isa</key>
			<string>PBXBuildFile</string>
		</dict>
		<key>D5B50E3D199D628400A486B0</key>
		<dict>
			<key>fileRef</key>
			<string>D5B50E3B199D628400A486B0</string>
			<key>isa</key>
			<string>PBXBuildFile</string>
		</dict>
		<key>D5B50E3E199D69C800A486B0</key>
		<dict>
			<key>isa</key>
			<string>PBXFileReference</string>
			<key>lastKnownFileType</key>
			<string>image.png</string>
			<key>name</key>
			<string>History.png</string>
			<key>path</key>
			<string>../../../../../TalifloAssets/assets/History/History.png</string>
			<key>sourceTree</key>
			<string>&lt;group&gt;</string>
		</dict>
		<key>D5B50E3F199D69C800A486B0</key>
		<dict>
			<key>isa</key>
			<string>PBXFileReference</string>
			<key>lastKnownFileType</key>
			<string>image.png</string>
			<key>name</key>
			<string>History@2x.png</string>
			<key>path</key>
			<string>../../../../../TalifloAssets/assets/History/History@2x.png</string>
			<key>sourceTree</key>
			<string>&lt;group&gt;</string>
		</dict>
		<key>D5B50E40199D69C800A486B0</key>
		<dict>
			<key>fileRef</key>
			<string>D5B50E3E199D69C800A486B0</string>
			<key>isa</key>
			<string>PBXBuildFile</string>
		</dict>
		<key>D5B50E41199D69C800A486B0</key>
		<dict>
			<key>fileRef</key>
			<string>D5B50E3F199D69C800A486B0</string>
			<key>isa</key>
			<string>PBXBuildFile</string>
		</dict>
		<key>D5B50E42199D6B1C00A486B0</key>
		<dict>
			<key>isa</key>
			<string>PBXFileReference</string>
			<key>lastKnownFileType</key>
			<string>image.png</string>
			<key>name</key>
			<string>Explore.png</string>
			<key>path</key>
			<string>../../../../../TalifloAssets/assets/Explore/Explore.png</string>
			<key>sourceTree</key>
			<string>&lt;group&gt;</string>
		</dict>
		<key>D5B50E43199D6B1C00A486B0</key>
		<dict>
			<key>isa</key>
			<string>PBXFileReference</string>
			<key>lastKnownFileType</key>
			<string>image.png</string>
			<key>name</key>
			<string>Explore@2x.png</string>
			<key>path</key>
			<string>../../../../../TalifloAssets/assets/Explore/Explore@2x.png</string>
			<key>sourceTree</key>
			<string>&lt;group&gt;</string>
		</dict>
		<key>D5B50E44199D6B1C00A486B0</key>
		<dict>
			<key>fileRef</key>
			<string>D5B50E42199D6B1C00A486B0</string>
			<key>isa</key>
			<string>PBXBuildFile</string>
		</dict>
		<key>D5B50E45199D6B1C00A486B0</key>
		<dict>
			<key>fileRef</key>
			<string>D5B50E43199D6B1C00A486B0</string>
			<key>isa</key>
			<string>PBXBuildFile</string>
		</dict>
		<key>D5B50E46199D6D8300A486B0</key>
		<dict>
			<key>isa</key>
			<string>PBXFileReference</string>
			<key>lastKnownFileType</key>
			<string>image.png</string>
			<key>name</key>
			<string>logo.png</string>
			<key>path</key>
			<string>../../../../../TalifloAssets/assets/logo.png</string>
			<key>sourceTree</key>
			<string>&lt;group&gt;</string>
		</dict>
		<key>D5B50E47199D6D8300A486B0</key>
		<dict>
			<key>isa</key>
			<string>PBXFileReference</string>
			<key>lastKnownFileType</key>
			<string>image.png</string>
			<key>name</key>
			<string>logo@2x.png</string>
			<key>path</key>
			<string>../../../../../TalifloAssets/assets/logo@2x.png</string>
			<key>sourceTree</key>
			<string>&lt;group&gt;</string>
		</dict>
		<key>D5B50E48199D6D8300A486B0</key>
		<dict>
			<key>fileRef</key>
			<string>D5B50E46199D6D8300A486B0</string>
			<key>isa</key>
			<string>PBXBuildFile</string>
		</dict>
		<key>D5B50E49199D6D8300A486B0</key>
		<dict>
			<key>fileRef</key>
			<string>D5B50E47199D6D8300A486B0</string>
			<key>isa</key>
			<string>PBXBuildFile</string>
		</dict>
		<key>D5B50E4A199D73B600A486B0</key>
		<dict>
			<key>fileEncoding</key>
			<string>4</string>
			<key>isa</key>
			<string>PBXFileReference</string>
			<key>lastKnownFileType</key>
			<string>sourcecode.c.h</string>
			<key>path</key>
			<string>TLFExploreViewController.h</string>
			<key>sourceTree</key>
			<string>&lt;group&gt;</string>
		</dict>
		<key>D5B50E4B199D73B600A486B0</key>
		<dict>
			<key>fileEncoding</key>
			<string>4</string>
			<key>isa</key>
			<string>PBXFileReference</string>
			<key>lastKnownFileType</key>
			<string>sourcecode.c.objc</string>
			<key>path</key>
			<string>TLFExploreViewController.m</string>
			<key>sourceTree</key>
			<string>&lt;group&gt;</string>
		</dict>
		<key>D5B50E4C199D73B600A486B0</key>
		<dict>
			<key>fileEncoding</key>
			<string>4</string>
			<key>isa</key>
			<string>PBXFileReference</string>
			<key>lastKnownFileType</key>
			<string>file.xib</string>
			<key>path</key>
			<string>TLFExploreViewController.xib</string>
			<key>sourceTree</key>
			<string>&lt;group&gt;</string>
		</dict>
		<key>D5B50E4D199D73B600A486B0</key>
		<dict>
			<key>fileRef</key>
			<string>D5B50E4B199D73B600A486B0</string>
			<key>isa</key>
			<string>PBXBuildFile</string>
		</dict>
		<key>D5B50E4E199D73B600A486B0</key>
		<dict>
			<key>fileRef</key>
			<string>D5B50E4C199D73B600A486B0</string>
			<key>isa</key>
			<string>PBXBuildFile</string>
		</dict>
		<key>D5B50E4F199D90D100A486B0</key>
		<dict>
			<key>fileEncoding</key>
			<string>4</string>
			<key>isa</key>
			<string>PBXFileReference</string>
			<key>lastKnownFileType</key>
			<string>sourcecode.c.h</string>
			<key>path</key>
			<string>TLFVoucherCell.h</string>
			<key>sourceTree</key>
			<string>&lt;group&gt;</string>
		</dict>
		<key>D5B50E50199D90D100A486B0</key>
		<dict>
			<key>fileEncoding</key>
			<string>4</string>
			<key>isa</key>
			<string>PBXFileReference</string>
			<key>lastKnownFileType</key>
			<string>sourcecode.c.objc</string>
			<key>path</key>
			<string>TLFVoucherCell.m</string>
			<key>sourceTree</key>
			<string>&lt;group&gt;</string>
		</dict>
		<key>D5B50E51199D90D100A486B0</key>
		<dict>
			<key>fileEncoding</key>
			<string>4</string>
			<key>isa</key>
			<string>PBXFileReference</string>
			<key>lastKnownFileType</key>
			<string>file.xib</string>
			<key>path</key>
			<string>TLFVoucherCell.xib</string>
			<key>sourceTree</key>
			<string>&lt;group&gt;</string>
		</dict>
		<key>D5B50E52199D90D100A486B0</key>
		<dict>
			<key>fileRef</key>
			<string>D5B50E50199D90D100A486B0</string>
			<key>isa</key>
			<string>PBXBuildFile</string>
		</dict>
		<key>D5B50E53199D90D100A486B0</key>
		<dict>
			<key>fileRef</key>
			<string>D5B50E51199D90D100A486B0</string>
			<key>isa</key>
			<string>PBXBuildFile</string>
		</dict>
		<key>D5B50E54199D90F400A486B0</key>
		<dict>
			<key>fileEncoding</key>
			<string>4</string>
			<key>isa</key>
			<string>PBXFileReference</string>
			<key>lastKnownFileType</key>
			<string>sourcecode.c.h</string>
			<key>path</key>
			<string>TLFHistoryCell.h</string>
			<key>sourceTree</key>
			<string>&lt;group&gt;</string>
		</dict>
		<key>D5B50E55199D90F400A486B0</key>
		<dict>
			<key>fileEncoding</key>
			<string>4</string>
			<key>isa</key>
			<string>PBXFileReference</string>
			<key>lastKnownFileType</key>
			<string>sourcecode.c.objc</string>
			<key>path</key>
			<string>TLFHistoryCell.m</string>
			<key>sourceTree</key>
			<string>&lt;group&gt;</string>
		</dict>
		<key>D5B50E56199D90F400A486B0</key>
		<dict>
			<key>fileEncoding</key>
			<string>4</string>
			<key>isa</key>
			<string>PBXFileReference</string>
			<key>lastKnownFileType</key>
			<string>file.xib</string>
			<key>path</key>
			<string>TLFHistoryCell.xib</string>
			<key>sourceTree</key>
			<string>&lt;group&gt;</string>
		</dict>
		<key>D5B50E57199D90F400A486B0</key>
		<dict>
			<key>fileRef</key>
			<string>D5B50E55199D90F400A486B0</string>
			<key>isa</key>
			<string>PBXBuildFile</string>
		</dict>
		<key>D5B50E58199D90F400A486B0</key>
		<dict>
			<key>fileRef</key>
			<string>D5B50E56199D90F400A486B0</string>
			<key>isa</key>
			<string>PBXBuildFile</string>
		</dict>
		<key>D5B50E59199D9A0B00A486B0</key>
		<dict>
			<key>children</key>
			<array>
				<string>D5B50E5A199D9A3500A486B0</string>
				<string>D5B50E5B199D9A3500A486B0</string>
			</array>
			<key>isa</key>
			<string>PBXGroup</string>
			<key>name</key>
			<string>Rest</string>
			<key>sourceTree</key>
			<string>&lt;group&gt;</string>
		</dict>
		<key>D5B50E5A199D9A3500A486B0</key>
		<dict>
			<key>fileEncoding</key>
			<string>4</string>
			<key>isa</key>
			<string>PBXFileReference</string>
			<key>lastKnownFileType</key>
			<string>sourcecode.c.h</string>
			<key>path</key>
			<string>TLFRestAPI.h</string>
			<key>sourceTree</key>
			<string>&lt;group&gt;</string>
		</dict>
		<key>D5B50E5B199D9A3500A486B0</key>
		<dict>
			<key>fileEncoding</key>
			<string>4</string>
			<key>isa</key>
			<string>PBXFileReference</string>
			<key>lastKnownFileType</key>
			<string>sourcecode.c.objc</string>
			<key>path</key>
			<string>TLFRestAPI.m</string>
			<key>sourceTree</key>
			<string>&lt;group&gt;</string>
		</dict>
		<key>D5B50E5C199D9A3500A486B0</key>
		<dict>
			<key>fileRef</key>
			<string>D5B50E5B199D9A3500A486B0</string>
			<key>isa</key>
			<string>PBXBuildFile</string>
		</dict>
		<key>D5B50E5D199DB2E600A486B0</key>
		<dict>
			<key>fileEncoding</key>
			<string>4</string>
			<key>isa</key>
			<string>PBXFileReference</string>
			<key>lastKnownFileType</key>
			<string>sourcecode.c.h</string>
			<key>path</key>
			<string>TLFVoucher.h</string>
			<key>sourceTree</key>
			<string>&lt;group&gt;</string>
		</dict>
		<key>D5B50E5E199DB2E600A486B0</key>
		<dict>
			<key>fileEncoding</key>
			<string>4</string>
			<key>isa</key>
			<string>PBXFileReference</string>
			<key>lastKnownFileType</key>
			<string>sourcecode.c.objc</string>
			<key>path</key>
			<string>TLFVoucher.m</string>
			<key>sourceTree</key>
			<string>&lt;group&gt;</string>
		</dict>
		<key>D5B50E5F199DB2E600A486B0</key>
		<dict>
			<key>fileRef</key>
			<string>D5B50E5E199DB2E600A486B0</string>
			<key>isa</key>
			<string>PBXBuildFile</string>
		</dict>
		<key>EE03657EB73449F9A3445768</key>
		<dict>
			<key>fileRef</key>
			<string>2384896295554975B373109D</string>
			<key>isa</key>
			<string>PBXBuildFile</string>
		</dict>
	</dict>
	<key>rootObject</key>
	<string>D5B50DC6199D2C1000A486B0</string>
</dict>
</plist>
